// !$*UTF8*$!
{
	archiveVersion = 1;
	classes = {
	};
	objectVersion = 46;
	objects = {

/* Begin PBXBuildFile section */
		4C1B6B66170DEE2C00344F9F /* UIKit.framework in Frameworks */ = {isa = PBXBuildFile; fileRef = 4C1B6B65170DEE2C00344F9F /* UIKit.framework */; };
		4C1B6B68170DEE2C00344F9F /* Foundation.framework in Frameworks */ = {isa = PBXBuildFile; fileRef = 4C1B6B67170DEE2C00344F9F /* Foundation.framework */; };
		4C1B6B6A170DEE2C00344F9F /* CoreGraphics.framework in Frameworks */ = {isa = PBXBuildFile; fileRef = 4C1B6B69170DEE2C00344F9F /* CoreGraphics.framework */; };
		4C1B6B70170DEE2C00344F9F /* InfoPlist.strings in Resources */ = {isa = PBXBuildFile; fileRef = 4C1B6B6E170DEE2C00344F9F /* InfoPlist.strings */; };
		4C1B6B72170DEE2C00344F9F /* main.m in Sources */ = {isa = PBXBuildFile; fileRef = 4C1B6B71170DEE2C00344F9F /* main.m */; };
		4C1B6B76170DEE2C00344F9F /* AppDelegate.m in Sources */ = {isa = PBXBuildFile; fileRef = 4C1B6B75170DEE2C00344F9F /* AppDelegate.m */; };
		4C1B6B78170DEE2C00344F9F /* Default.png in Resources */ = {isa = PBXBuildFile; fileRef = 4C1B6B77170DEE2C00344F9F /* Default.png */; };
		4C1B6B7A170DEE2C00344F9F /* Default@2x.png in Resources */ = {isa = PBXBuildFile; fileRef = 4C1B6B79170DEE2C00344F9F /* Default@2x.png */; };
		4C1B6B7C170DEE2C00344F9F /* Default-568h@2x.png in Resources */ = {isa = PBXBuildFile; fileRef = 4C1B6B7B170DEE2C00344F9F /* Default-568h@2x.png */; };
		4C1B6B7F170DEE2C00344F9F /* MainStoryboard.storyboard in Resources */ = {isa = PBXBuildFile; fileRef = 4C1B6B7D170DEE2C00344F9F /* MainStoryboard.storyboard */; };
		4C1B6B82170DEE2C00344F9F /* ViewController.m in Sources */ = {isa = PBXBuildFile; fileRef = 4C1B6B81170DEE2C00344F9F /* ViewController.m */; };
		4C1B6B95170DEF3A00344F9F /* AVFoundation.framework in Frameworks */ = {isa = PBXBuildFile; fileRef = 4C1B6B94170DEF3A00344F9F /* AVFoundation.framework */; };
		4C1B6B97170DEF4D00344F9F /* libstdc++.dylib in Frameworks */ = {isa = PBXBuildFile; fileRef = 4C1B6B96170DEF4D00344F9F /* libstdc++.dylib */; };
		4C1B6B99170DEF5400344F9F /* CFNetwork.framework in Frameworks */ = {isa = PBXBuildFile; fileRef = 4C1B6B98170DEF5400344F9F /* CFNetwork.framework */; };
		4C1B6B9B170DEF5B00344F9F /* SystemConfiguration.framework in Frameworks */ = {isa = PBXBuildFile; fileRef = 4C1B6B9A170DEF5B00344F9F /* SystemConfiguration.framework */; };
		4C1B6B9D170DEF6600344F9F /* AudioToolbox.framework in Frameworks */ = {isa = PBXBuildFile; fileRef = 4C1B6B9C170DEF6600344F9F /* AudioToolbox.framework */; };
		4C1B6B9F170DEF7400344F9F /* CoreAudio.framework in Frameworks */ = {isa = PBXBuildFile; fileRef = 4C1B6B9E170DEF7400344F9F /* CoreAudio.framework */; };
		4C1B6BA4170DF02A00344F9F /* SpotifyConnection.m in Sources */ = {isa = PBXBuildFile; fileRef = 4C1B6BA3170DF02A00344F9F /* SpotifyConnection.m */; };
		4C89219D170E5B580018C068 /* SpotifyPlayer.m in Sources */ = {isa = PBXBuildFile; fileRef = 4C89219C170E5B580018C068 /* SpotifyPlayer.m */; };
		4C8921A6170E83DA0018C068 /* SpotifySearcher.m in Sources */ = {isa = PBXBuildFile; fileRef = 4C8921A5170E83DA0018C068 /* SpotifySearcher.m */; };
		4C8921A9170E91090018C068 /* SpotifyQueueItem.m in Sources */ = {isa = PBXBuildFile; fileRef = 4C8921A8170E91090018C068 /* SpotifyQueueItem.m */; };
		4C8921B4170E93E10018C068 /* SPLoginResources.bundle in Resources */ = {isa = PBXBuildFile; fileRef = 4C8921B3170E93E10018C068 /* SPLoginResources.bundle */; };
		4C8921B7170E94450018C068 /* libCocoaLibSpotify.a in Frameworks */ = {isa = PBXBuildFile; fileRef = 4C8921B0170E93CA0018C068 /* libCocoaLibSpotify.a */; };
		DECFFDDB170E965A00BE36E3 /* QueueViewController.m in Sources */ = {isa = PBXBuildFile; fileRef = DECFFDDA170E965A00BE36E3 /* QueueViewController.m */; };
		DECFFDE0170E9B8400BE36E3 /* MediaPlayer.framework in Frameworks */ = {isa = PBXBuildFile; fileRef = DECFFDDF170E9B8400BE36E3 /* MediaPlayer.framework */; };
/* End PBXBuildFile section */

/* Begin PBXContainerItemProxy section */
		4C8921AF170E93CA0018C068 /* PBXContainerItemProxy */ = {
			isa = PBXContainerItemProxy;
			containerPortal = 4C8921AA170E93C90018C068 /* CocoaLibSpotify iOS Library.xcodeproj */;
			proxyType = 2;
			remoteGlobalIDString = 50AF49DC1439CBFE00E4A5EF;
			remoteInfo = CocoaLibSpotify;
		};
		4C8921B1170E93CA0018C068 /* PBXContainerItemProxy */ = {
			isa = PBXContainerItemProxy;
			containerPortal = 4C8921AA170E93C90018C068 /* CocoaLibSpotify iOS Library.xcodeproj */;
			proxyType = 2;
			remoteGlobalIDString = 50D4F52B156BCDE800E237DD;
			remoteInfo = CocoaLSTests;
		};
/* End PBXContainerItemProxy section */

/* Begin PBXFileReference section */
		4C1B6B62170DEE2C00344F9F /* SpotifyProofOfConcept.app */ = {isa = PBXFileReference; explicitFileType = wrapper.application; includeInIndex = 0; path = SpotifyProofOfConcept.app; sourceTree = BUILT_PRODUCTS_DIR; };
		4C1B6B65170DEE2C00344F9F /* UIKit.framework */ = {isa = PBXFileReference; lastKnownFileType = wrapper.framework; name = UIKit.framework; path = System/Library/Frameworks/UIKit.framework; sourceTree = SDKROOT; };
		4C1B6B67170DEE2C00344F9F /* Foundation.framework */ = {isa = PBXFileReference; lastKnownFileType = wrapper.framework; name = Foundation.framework; path = System/Library/Frameworks/Foundation.framework; sourceTree = SDKROOT; };
		4C1B6B69170DEE2C00344F9F /* CoreGraphics.framework */ = {isa = PBXFileReference; lastKnownFileType = wrapper.framework; name = CoreGraphics.framework; path = System/Library/Frameworks/CoreGraphics.framework; sourceTree = SDKROOT; };
		4C1B6B6D170DEE2C00344F9F /* SpotifyProofOfConcept-Info.plist */ = {isa = PBXFileReference; lastKnownFileType = text.plist.xml; path = "SpotifyProofOfConcept-Info.plist"; sourceTree = "<group>"; };
		4C1B6B6F170DEE2C00344F9F /* en */ = {isa = PBXFileReference; lastKnownFileType = text.plist.strings; name = en; path = en.lproj/InfoPlist.strings; sourceTree = "<group>"; };
		4C1B6B71170DEE2C00344F9F /* main.m */ = {isa = PBXFileReference; lastKnownFileType = sourcecode.c.objc; path = main.m; sourceTree = "<group>"; };
		4C1B6B73170DEE2C00344F9F /* SpotifyProofOfConcept-Prefix.pch */ = {isa = PBXFileReference; lastKnownFileType = sourcecode.c.h; path = "SpotifyProofOfConcept-Prefix.pch"; sourceTree = "<group>"; };
		4C1B6B74170DEE2C00344F9F /* AppDelegate.h */ = {isa = PBXFileReference; lastKnownFileType = sourcecode.c.h; path = AppDelegate.h; sourceTree = "<group>"; };
		4C1B6B75170DEE2C00344F9F /* AppDelegate.m */ = {isa = PBXFileReference; lastKnownFileType = sourcecode.c.objc; path = AppDelegate.m; sourceTree = "<group>"; };
		4C1B6B77170DEE2C00344F9F /* Default.png */ = {isa = PBXFileReference; lastKnownFileType = image.png; path = Default.png; sourceTree = "<group>"; };
		4C1B6B79170DEE2C00344F9F /* Default@2x.png */ = {isa = PBXFileReference; lastKnownFileType = image.png; path = "Default@2x.png"; sourceTree = "<group>"; };
		4C1B6B7B170DEE2C00344F9F /* Default-568h@2x.png */ = {isa = PBXFileReference; lastKnownFileType = image.png; path = "Default-568h@2x.png"; sourceTree = "<group>"; };
		4C1B6B7E170DEE2C00344F9F /* en */ = {isa = PBXFileReference; lastKnownFileType = file.storyboard; name = en; path = en.lproj/MainStoryboard.storyboard; sourceTree = "<group>"; };
		4C1B6B80170DEE2C00344F9F /* ViewController.h */ = {isa = PBXFileReference; lastKnownFileType = sourcecode.c.h; path = ViewController.h; sourceTree = "<group>"; };
		4C1B6B81170DEE2C00344F9F /* ViewController.m */ = {isa = PBXFileReference; lastKnownFileType = sourcecode.c.objc; path = ViewController.m; sourceTree = "<group>"; };
		4C1B6B94170DEF3A00344F9F /* AVFoundation.framework */ = {isa = PBXFileReference; lastKnownFileType = wrapper.framework; name = AVFoundation.framework; path = System/Library/Frameworks/AVFoundation.framework; sourceTree = SDKROOT; };
		4C1B6B96170DEF4D00344F9F /* libstdc++.dylib */ = {isa = PBXFileReference; lastKnownFileType = "compiled.mach-o.dylib"; name = "libstdc++.dylib"; path = "usr/lib/libstdc++.dylib"; sourceTree = SDKROOT; };
		4C1B6B98170DEF5400344F9F /* CFNetwork.framework */ = {isa = PBXFileReference; lastKnownFileType = wrapper.framework; name = CFNetwork.framework; path = System/Library/Frameworks/CFNetwork.framework; sourceTree = SDKROOT; };
		4C1B6B9A170DEF5B00344F9F /* SystemConfiguration.framework */ = {isa = PBXFileReference; lastKnownFileType = wrapper.framework; name = SystemConfiguration.framework; path = System/Library/Frameworks/SystemConfiguration.framework; sourceTree = SDKROOT; };
		4C1B6B9C170DEF6600344F9F /* AudioToolbox.framework */ = {isa = PBXFileReference; lastKnownFileType = wrapper.framework; name = AudioToolbox.framework; path = System/Library/Frameworks/AudioToolbox.framework; sourceTree = SDKROOT; };
		4C1B6B9E170DEF7400344F9F /* CoreAudio.framework */ = {isa = PBXFileReference; lastKnownFileType = wrapper.framework; name = CoreAudio.framework; path = System/Library/Frameworks/CoreAudio.framework; sourceTree = SDKROOT; };
		4C1B6BA2170DF02A00344F9F /* SpotifyConnection.h */ = {isa = PBXFileReference; fileEncoding = 4; lastKnownFileType = sourcecode.c.h; path = SpotifyConnection.h; sourceTree = "<group>"; };
		4C1B6BA3170DF02A00344F9F /* SpotifyConnection.m */ = {isa = PBXFileReference; fileEncoding = 4; lastKnownFileType = sourcecode.c.objc; path = SpotifyConnection.m; sourceTree = "<group>"; };
		4C1B6BA5170DF1AF00344F9F /* SpotifyConnectionDelegate.h */ = {isa = PBXFileReference; lastKnownFileType = sourcecode.c.h; path = SpotifyConnectionDelegate.h; sourceTree = "<group>"; };
		4C89219B170E5B580018C068 /* SpotifyPlayer.h */ = {isa = PBXFileReference; fileEncoding = 4; lastKnownFileType = sourcecode.c.h; path = SpotifyPlayer.h; sourceTree = "<group>"; };
		4C89219C170E5B580018C068 /* SpotifyPlayer.m */ = {isa = PBXFileReference; fileEncoding = 4; lastKnownFileType = sourcecode.c.objc; path = SpotifyPlayer.m; sourceTree = "<group>"; };
		4C8921A4170E83DA0018C068 /* SpotifySearcher.h */ = {isa = PBXFileReference; fileEncoding = 4; lastKnownFileType = sourcecode.c.h; path = SpotifySearcher.h; sourceTree = "<group>"; };
		4C8921A5170E83DA0018C068 /* SpotifySearcher.m */ = {isa = PBXFileReference; fileEncoding = 4; lastKnownFileType = sourcecode.c.objc; path = SpotifySearcher.m; sourceTree = "<group>"; };
		4C8921A7170E91090018C068 /* SpotifyQueueItem.h */ = {isa = PBXFileReference; fileEncoding = 4; lastKnownFileType = sourcecode.c.h; path = SpotifyQueueItem.h; sourceTree = "<group>"; };
		4C8921A8170E91090018C068 /* SpotifyQueueItem.m */ = {isa = PBXFileReference; fileEncoding = 4; lastKnownFileType = sourcecode.c.objc; path = SpotifyQueueItem.m; sourceTree = "<group>"; };
		4C8921AA170E93C90018C068 /* CocoaLibSpotify iOS Library.xcodeproj */ = {isa = PBXFileReference; lastKnownFileType = "wrapper.pb-project"; name = "CocoaLibSpotify iOS Library.xcodeproj"; path = "../cocoalibspotify-master/iOS Library/CocoaLibSpotify iOS Library.xcodeproj"; sourceTree = "<group>"; };
		4C8921B3170E93E10018C068 /* SPLoginResources.bundle */ = {isa = PBXFileReference; lastKnownFileType = "wrapper.plug-in"; name = SPLoginResources.bundle; path = "../cocoalibspotify-master/iOS Library/SPLoginResources.bundle"; sourceTree = "<group>"; };
		DECFFDD9170E965A00BE36E3 /* QueueViewController.h */ = {isa = PBXFileReference; fileEncoding = 4; lastKnownFileType = sourcecode.c.h; path = QueueViewController.h; sourceTree = "<group>"; };
		DECFFDDA170E965A00BE36E3 /* QueueViewController.m */ = {isa = PBXFileReference; fileEncoding = 4; lastKnownFileType = sourcecode.c.objc; path = QueueViewController.m; sourceTree = "<group>"; };
		DECFFDDF170E9B8400BE36E3 /* MediaPlayer.framework */ = {isa = PBXFileReference; lastKnownFileType = wrapper.framework; name = MediaPlayer.framework; path = System/Library/Frameworks/MediaPlayer.framework; sourceTree = SDKROOT; };
/* End PBXFileReference section */

/* Begin PBXFrameworksBuildPhase section */
		4C1B6B5F170DEE2C00344F9F /* Frameworks */ = {
			isa = PBXFrameworksBuildPhase;
			buildActionMask = 2147483647;
			files = (
				DECFFDE0170E9B8400BE36E3 /* MediaPlayer.framework in Frameworks */,
				4C8921B7170E94450018C068 /* libCocoaLibSpotify.a in Frameworks */,
				4C1B6B9F170DEF7400344F9F /* CoreAudio.framework in Frameworks */,
				4C1B6B9D170DEF6600344F9F /* AudioToolbox.framework in Frameworks */,
				4C1B6B9B170DEF5B00344F9F /* SystemConfiguration.framework in Frameworks */,
				4C1B6B99170DEF5400344F9F /* CFNetwork.framework in Frameworks */,
				4C1B6B97170DEF4D00344F9F /* libstdc++.dylib in Frameworks */,
				4C1B6B95170DEF3A00344F9F /* AVFoundation.framework in Frameworks */,
				4C1B6B66170DEE2C00344F9F /* UIKit.framework in Frameworks */,
				4C1B6B68170DEE2C00344F9F /* Foundation.framework in Frameworks */,
				4C1B6B6A170DEE2C00344F9F /* CoreGraphics.framework in Frameworks */,
			);
			runOnlyForDeploymentPostprocessing = 0;
		};
/* End PBXFrameworksBuildPhase section */

/* Begin PBXGroup section */
		4C1B6B59170DEE2C00344F9F = {
			isa = PBXGroup;
			children = (
				4C8921AA170E93C90018C068 /* CocoaLibSpotify iOS Library.xcodeproj */,
				4C8921B3170E93E10018C068 /* SPLoginResources.bundle */,
				4C1B6B6B170DEE2C00344F9F /* SpotifyProofOfConcept */,
				4C1B6B64170DEE2C00344F9F /* Frameworks */,
				4C1B6B63170DEE2C00344F9F /* Products */,
			);
			sourceTree = "<group>";
		};
		4C1B6B63170DEE2C00344F9F /* Products */ = {
			isa = PBXGroup;
			children = (
				4C1B6B62170DEE2C00344F9F /* SpotifyProofOfConcept.app */,
			);
			name = Products;
			sourceTree = "<group>";
		};
		4C1B6B64170DEE2C00344F9F /* Frameworks */ = {
			isa = PBXGroup;
			children = (
				DECFFDDF170E9B8400BE36E3 /* MediaPlayer.framework */,
				4C1B6B9E170DEF7400344F9F /* CoreAudio.framework */,
				4C1B6B9C170DEF6600344F9F /* AudioToolbox.framework */,
				4C1B6B9A170DEF5B00344F9F /* SystemConfiguration.framework */,
				4C1B6B98170DEF5400344F9F /* CFNetwork.framework */,
				4C1B6B96170DEF4D00344F9F /* libstdc++.dylib */,
				4C1B6B94170DEF3A00344F9F /* AVFoundation.framework */,
				4C1B6B65170DEE2C00344F9F /* UIKit.framework */,
				4C1B6B67170DEE2C00344F9F /* Foundation.framework */,
				4C1B6B69170DEE2C00344F9F /* CoreGraphics.framework */,
			);
			name = Frameworks;
			sourceTree = "<group>";
		};
		4C1B6B6B170DEE2C00344F9F /* SpotifyProofOfConcept */ = {
			isa = PBXGroup;
			children = (
				4C1B6B74170DEE2C00344F9F /* AppDelegate.h */,
				4C1B6B75170DEE2C00344F9F /* AppDelegate.m */,
				4C1B6B7D170DEE2C00344F9F /* MainStoryboard.storyboard */,
				DECFFDD9170E965A00BE36E3 /* QueueViewController.h */,
				DECFFDDA170E965A00BE36E3 /* QueueViewController.m */,
				4C1B6B80170DEE2C00344F9F /* ViewController.h */,
				4C1B6B81170DEE2C00344F9F /* ViewController.m */,
				4C1B6B6C170DEE2C00344F9F /* Supporting Files */,
				4C1B6BA2170DF02A00344F9F /* SpotifyConnection.h */,
				4C1B6BA3170DF02A00344F9F /* SpotifyConnection.m */,
				4C89219B170E5B580018C068 /* SpotifyPlayer.h */,
				4C89219C170E5B580018C068 /* SpotifyPlayer.m */,
				4C8921A4170E83DA0018C068 /* SpotifySearcher.h */,
				4C8921A5170E83DA0018C068 /* SpotifySearcher.m */,
				4C8921A7170E91090018C068 /* SpotifyQueueItem.h */,
				4C8921A8170E91090018C068 /* SpotifyQueueItem.m */,
				4C1B6BA5170DF1AF00344F9F /* SpotifyConnectionDelegate.h */,
			);
			path = SpotifyProofOfConcept;
			sourceTree = "<group>";
		};
		4C1B6B6C170DEE2C00344F9F /* Supporting Files */ = {
			isa = PBXGroup;
			children = (
				4C1B6B6D170DEE2C00344F9F /* SpotifyProofOfConcept-Info.plist */,
				4C1B6B6E170DEE2C00344F9F /* InfoPlist.strings */,
				4C1B6B71170DEE2C00344F9F /* main.m */,
				4C1B6B73170DEE2C00344F9F /* SpotifyProofOfConcept-Prefix.pch */,
				4C1B6B77170DEE2C00344F9F /* Default.png */,
				4C1B6B79170DEE2C00344F9F /* Default@2x.png */,
				4C1B6B7B170DEE2C00344F9F /* Default-568h@2x.png */,
			);
			name = "Supporting Files";
			sourceTree = "<group>";
		};
		4C8921AB170E93C90018C068 /* Products */ = {
			isa = PBXGroup;
			children = (
				4C8921B0170E93CA0018C068 /* libCocoaLibSpotify.a */,
				4C8921B2170E93CA0018C068 /* CocoaLSTests.app */,
			);
			name = Products;
			sourceTree = "<group>";
		};
/* End PBXGroup section */

/* Begin PBXNativeTarget section */
		4C1B6B61170DEE2C00344F9F /* SpotifyProofOfConcept */ = {
			isa = PBXNativeTarget;
			buildConfigurationList = 4C1B6B85170DEE2C00344F9F /* Build configuration list for PBXNativeTarget "SpotifyProofOfConcept" */;
			buildPhases = (
				4C1B6B5E170DEE2C00344F9F /* Sources */,
				4C1B6B5F170DEE2C00344F9F /* Frameworks */,
				4C1B6B60170DEE2C00344F9F /* Resources */,
			);
			buildRules = (
			);
			dependencies = (
			);
			name = SpotifyProofOfConcept;
			productName = SpotifyProofOfConcept;
			productReference = 4C1B6B62170DEE2C00344F9F /* SpotifyProofOfConcept.app */;
			productType = "com.apple.product-type.application";
		};
/* End PBXNativeTarget section */

/* Begin PBXProject section */
		4C1B6B5A170DEE2C00344F9F /* Project object */ = {
			isa = PBXProject;
			attributes = {
				LastUpgradeCheck = 0460;
				ORGANIZATIONNAME = Awesome;
			};
			buildConfigurationList = 4C1B6B5D170DEE2C00344F9F /* Build configuration list for PBXProject "SpotifyProofOfConcept" */;
			compatibilityVersion = "Xcode 3.2";
			developmentRegion = English;
			hasScannedForEncodings = 0;
			knownRegions = (
				en,
			);
			mainGroup = 4C1B6B59170DEE2C00344F9F;
			productRefGroup = 4C1B6B63170DEE2C00344F9F /* Products */;
			projectDirPath = "";
			projectReferences = (
				{
					ProductGroup = 4C8921AB170E93C90018C068 /* Products */;
					ProjectRef = 4C8921AA170E93C90018C068 /* CocoaLibSpotify iOS Library.xcodeproj */;
				},
			);
			projectRoot = "";
			targets = (
				4C1B6B61170DEE2C00344F9F /* SpotifyProofOfConcept */,
			);
		};
/* End PBXProject section */

/* Begin PBXReferenceProxy section */
		4C8921B0170E93CA0018C068 /* libCocoaLibSpotify.a */ = {
			isa = PBXReferenceProxy;
			fileType = archive.ar;
			path = libCocoaLibSpotify.a;
			remoteRef = 4C8921AF170E93CA0018C068 /* PBXContainerItemProxy */;
			sourceTree = BUILT_PRODUCTS_DIR;
		};
		4C8921B2170E93CA0018C068 /* CocoaLSTests.app */ = {
			isa = PBXReferenceProxy;
			fileType = wrapper.application;
			path = CocoaLSTests.app;
			remoteRef = 4C8921B1170E93CA0018C068 /* PBXContainerItemProxy */;
			sourceTree = BUILT_PRODUCTS_DIR;
		};
/* End PBXReferenceProxy section */

/* Begin PBXResourcesBuildPhase section */
		4C1B6B60170DEE2C00344F9F /* Resources */ = {
			isa = PBXResourcesBuildPhase;
			buildActionMask = 2147483647;
			files = (
				4C1B6B70170DEE2C00344F9F /* InfoPlist.strings in Resources */,
				4C1B6B78170DEE2C00344F9F /* Default.png in Resources */,
				4C1B6B7A170DEE2C00344F9F /* Default@2x.png in Resources */,
				4C1B6B7C170DEE2C00344F9F /* Default-568h@2x.png in Resources */,
				4C1B6B7F170DEE2C00344F9F /* MainStoryboard.storyboard in Resources */,
				4C8921B4170E93E10018C068 /* SPLoginResources.bundle in Resources */,
			);
			runOnlyForDeploymentPostprocessing = 0;
		};
/* End PBXResourcesBuildPhase section */

/* Begin PBXSourcesBuildPhase section */
		4C1B6B5E170DEE2C00344F9F /* Sources */ = {
			isa = PBXSourcesBuildPhase;
			buildActionMask = 2147483647;
			files = (
				4C1B6B72170DEE2C00344F9F /* main.m in Sources */,
				4C1B6B76170DEE2C00344F9F /* AppDelegate.m in Sources */,
				4C1B6B82170DEE2C00344F9F /* ViewController.m in Sources */,
				4C1B6BA4170DF02A00344F9F /* SpotifyConnection.m in Sources */,
				4C89219D170E5B580018C068 /* SpotifyPlayer.m in Sources */,
				4C8921A6170E83DA0018C068 /* SpotifySearcher.m in Sources */,
				4C8921A9170E91090018C068 /* SpotifyQueueItem.m in Sources */,
				DECFFDDB170E965A00BE36E3 /* QueueViewController.m in Sources */,
			);
			runOnlyForDeploymentPostprocessing = 0;
		};
/* End PBXSourcesBuildPhase section */

/* Begin PBXVariantGroup section */
		4C1B6B6E170DEE2C00344F9F /* InfoPlist.strings */ = {
			isa = PBXVariantGroup;
			children = (
				4C1B6B6F170DEE2C00344F9F /* en */,
			);
			name = InfoPlist.strings;
			sourceTree = "<group>";
		};
		4C1B6B7D170DEE2C00344F9F /* MainStoryboard.storyboard */ = {
			isa = PBXVariantGroup;
			children = (
				4C1B6B7E170DEE2C00344F9F /* en */,
			);
			name = MainStoryboard.storyboard;
			sourceTree = "<group>";
		};
/* End PBXVariantGroup section */

/* Begin XCBuildConfiguration section */
		4C1B6B83170DEE2C00344F9F /* Debug */ = {
			isa = XCBuildConfiguration;
			buildSettings = {
				ALWAYS_SEARCH_USER_PATHS = NO;
				CLANG_CXX_LANGUAGE_STANDARD = "gnu++0x";
				CLANG_CXX_LIBRARY = "libc++";
				CLANG_ENABLE_OBJC_ARC = YES;
				CLANG_WARN_CONSTANT_CONVERSION = YES;
				CLANG_WARN_EMPTY_BODY = YES;
				CLANG_WARN_ENUM_CONVERSION = YES;
				CLANG_WARN_INT_CONVERSION = YES;
				CLANG_WARN__DUPLICATE_METHOD_MATCH = YES;
				"CODE_SIGN_IDENTITY[sdk=iphoneos*]" = "iPhone Developer";
				COPY_PHASE_STRIP = NO;
				GCC_C_LANGUAGE_STANDARD = gnu99;
				GCC_DYNAMIC_NO_PIC = NO;
				GCC_OPTIMIZATION_LEVEL = 0;
				GCC_PREPROCESSOR_DEFINITIONS = (
					"DEBUG=1",
					"$(inherited)",
				);
				GCC_SYMBOLS_PRIVATE_EXTERN = NO;
				GCC_WARN_ABOUT_RETURN_TYPE = YES;
				GCC_WARN_UNINITIALIZED_AUTOS = YES;
				GCC_WARN_UNUSED_VARIABLE = YES;
				IPHONEOS_DEPLOYMENT_TARGET = 6.1;
				ONLY_ACTIVE_ARCH = YES;
				SDKROOT = iphoneos;
			};
			name = Debug;
		};
		4C1B6B84170DEE2C00344F9F /* Release */ = {
			isa = XCBuildConfiguration;
			buildSettings = {
				ALWAYS_SEARCH_USER_PATHS = NO;
				CLANG_CXX_LANGUAGE_STANDARD = "gnu++0x";
				CLANG_CXX_LIBRARY = "libc++";
				CLANG_ENABLE_OBJC_ARC = YES;
				CLANG_WARN_CONSTANT_CONVERSION = YES;
				CLANG_WARN_EMPTY_BODY = YES;
				CLANG_WARN_ENUM_CONVERSION = YES;
				CLANG_WARN_INT_CONVERSION = YES;
				CLANG_WARN__DUPLICATE_METHOD_MATCH = YES;
				"CODE_SIGN_IDENTITY[sdk=iphoneos*]" = "iPhone Developer";
				COPY_PHASE_STRIP = YES;
				GCC_C_LANGUAGE_STANDARD = gnu99;
				GCC_WARN_ABOUT_RETURN_TYPE = YES;
				GCC_WARN_UNINITIALIZED_AUTOS = YES;
				GCC_WARN_UNUSED_VARIABLE = YES;
				IPHONEOS_DEPLOYMENT_TARGET = 6.1;
				OTHER_CFLAGS = "-DNS_BLOCK_ASSERTIONS=1";
				SDKROOT = iphoneos;
				VALIDATE_PRODUCT = YES;
			};
			name = Release;
		};
		4C1B6B86170DEE2C00344F9F /* Debug */ = {
			isa = XCBuildConfiguration;
			buildSettings = {
				GCC_PRECOMPILE_PREFIX_HEADER = YES;
				GCC_PREFIX_HEADER = "SpotifyProofOfConcept/SpotifyProofOfConcept-Prefix.pch";
				INFOPLIST_FILE = "SpotifyProofOfConcept/SpotifyProofOfConcept-Info.plist";
				OTHER_LDFLAGS = (
					"-all_load",
					"-ObjC",
				);
				PRODUCT_NAME = "$(TARGET_NAME)";
				WRAPPER_EXTENSION = app;
			};
			name = Debug;
		};
		4C1B6B87170DEE2C00344F9F /* Release */ = {
			isa = XCBuildConfiguration;
			buildSettings = {
				GCC_PRECOMPILE_PREFIX_HEADER = YES;
				GCC_PREFIX_HEADER = "SpotifyProofOfConcept/SpotifyProofOfConcept-Prefix.pch";
				INFOPLIST_FILE = "SpotifyProofOfConcept/SpotifyProofOfConcept-Info.plist";
				OTHER_LDFLAGS = (
					"-all_load",
					"-ObjC",
				);
				PRODUCT_NAME = "$(TARGET_NAME)";
				WRAPPER_EXTENSION = app;
			};
			name = Release;
		};
/* End XCBuildConfiguration section */

/* Begin XCConfigurationList section */
		4C1B6B5D170DEE2C00344F9F /* Build configuration list for PBXProject "SpotifyProofOfConcept" */ = {
			isa = XCConfigurationList;
			buildConfigurations = (
				4C1B6B83170DEE2C00344F9F /* Debug */,
				4C1B6B84170DEE2C00344F9F /* Release */,
			);
			defaultConfigurationIsVisible = 0;
			defaultConfigurationName = Release;
		};
		4C1B6B85170DEE2C00344F9F /* Build configuration list for PBXNativeTarget "SpotifyProofOfConcept" */ = {
			isa = XCConfigurationList;
			buildConfigurations = (
				4C1B6B86170DEE2C00344F9F /* Debug */,
				4C1B6B87170DEE2C00344F9F /* Release */,
			);
			defaultConfigurationIsVisible = 0;
			defaultConfigurationName = Release;
		};
/* End XCConfigurationList section */
	};
	rootObject = 4C1B6B5A170DEE2C00344F9F /* Project object */;
}
