// !$*UTF8*$!
{
	archiveVersion = 1;
	classes = {
	};
	objectVersion = 46;
	objects = {

/* Begin PBXBuildFile section */
		4C8D19EB1710B8C9006A3BA9 /* UIKit.framework in Frameworks */ = {isa = PBXBuildFile; fileRef = 4C9D8DB51710B432001145B8 /* UIKit.framework */; };
		4C8D19EC1710B8C9006A3BA9 /* Foundation.framework in Frameworks */ = {isa = PBXBuildFile; fileRef = 4C9D8DB71710B432001145B8 /* Foundation.framework */; };
		4C8D19F21710B8C9006A3BA9 /* InfoPlist.strings in Resources */ = {isa = PBXBuildFile; fileRef = 4C8D19F01710B8C9006A3BA9 /* InfoPlist.strings */; };
		4C8D19F51710B8C9006A3BA9 /* CocoaTests.m in Sources */ = {isa = PBXBuildFile; fileRef = 4C8D19F41710B8C9006A3BA9 /* CocoaTests.m */; };
		4C8D19FA1710B8F2006A3BA9 /* SystemConfiguration.framework in Frameworks */ = {isa = PBXBuildFile; fileRef = 4C9D8DE31710B46D001145B8 /* SystemConfiguration.framework */; };
		4C8D19FB1710B8FA006A3BA9 /* CFNetwork.framework in Frameworks */ = {isa = PBXBuildFile; fileRef = 4C9D8DE51710B475001145B8 /* CFNetwork.framework */; };
		4C8D19FC1710B903006A3BA9 /* libstdc++.dylib in Frameworks */ = {isa = PBXBuildFile; fileRef = 4C9D8DE71710B47B001145B8 /* libstdc++.dylib */; };
		4C8D19FD1710B90A006A3BA9 /* CoreAudio.framework in Frameworks */ = {isa = PBXBuildFile; fileRef = 4C9D8DE91710B481001145B8 /* CoreAudio.framework */; };
		4C8D19FE1710B911006A3BA9 /* AudioToolbox.framework in Frameworks */ = {isa = PBXBuildFile; fileRef = 4C9D8DEB1710B488001145B8 /* AudioToolbox.framework */; };
		4C8D19FF1710B918006A3BA9 /* AVFoundation.framework in Frameworks */ = {isa = PBXBuildFile; fileRef = 4C9D8DED1710B48D001145B8 /* AVFoundation.framework */; };
		4C8D1A001710B921006A3BA9 /* libCocoaLibSpotify.a in Frameworks */ = {isa = PBXBuildFile; fileRef = 4C9D8DDE1710B44A001145B8 /* libCocoaLibSpotify.a */; };
		4C8D1A041710BA55006A3BA9 /* SenTestingKit.framework in Frameworks */ = {isa = PBXBuildFile; fileRef = 4C8D1A031710BA55006A3BA9 /* SenTestingKit.framework */; };
		4C8D1A071710BB01006A3BA9 /* SpotifySearchTest.m in Sources */ = {isa = PBXBuildFile; fileRef = 4C8D1A061710BB01006A3BA9 /* SpotifySearchTest.m */; };
		4C9D8DB61710B432001145B8 /* UIKit.framework in Frameworks */ = {isa = PBXBuildFile; fileRef = 4C9D8DB51710B432001145B8 /* UIKit.framework */; };
		4C9D8DB81710B432001145B8 /* Foundation.framework in Frameworks */ = {isa = PBXBuildFile; fileRef = 4C9D8DB71710B432001145B8 /* Foundation.framework */; };
		4C9D8DBA1710B432001145B8 /* CoreGraphics.framework in Frameworks */ = {isa = PBXBuildFile; fileRef = 4C9D8DB91710B432001145B8 /* CoreGraphics.framework */; };
		4C9D8DC01710B432001145B8 /* InfoPlist.strings in Resources */ = {isa = PBXBuildFile; fileRef = 4C9D8DBE1710B432001145B8 /* InfoPlist.strings */; };
		4C9D8DC21710B432001145B8 /* main.m in Sources */ = {isa = PBXBuildFile; fileRef = 4C9D8DC11710B432001145B8 /* main.m */; };
		4C9D8DC61710B432001145B8 /* AppDelegate.m in Sources */ = {isa = PBXBuildFile; fileRef = 4C9D8DC51710B432001145B8 /* AppDelegate.m */; };
		4C9D8DC81710B432001145B8 /* Default.png in Resources */ = {isa = PBXBuildFile; fileRef = 4C9D8DC71710B432001145B8 /* Default.png */; };
		4C9D8DCA1710B432001145B8 /* Default@2x.png in Resources */ = {isa = PBXBuildFile; fileRef = 4C9D8DC91710B432001145B8 /* Default@2x.png */; };
		4C9D8DCC1710B432001145B8 /* Default-568h@2x.png in Resources */ = {isa = PBXBuildFile; fileRef = 4C9D8DCB1710B432001145B8 /* Default-568h@2x.png */; };
		4C9D8DCF1710B432001145B8 /* MainStoryboard.storyboard in Resources */ = {isa = PBXBuildFile; fileRef = 4C9D8DCD1710B432001145B8 /* MainStoryboard.storyboard */; };
		4C9D8DE41710B46D001145B8 /* SystemConfiguration.framework in Frameworks */ = {isa = PBXBuildFile; fileRef = 4C9D8DE31710B46D001145B8 /* SystemConfiguration.framework */; };
		4C9D8DE61710B475001145B8 /* CFNetwork.framework in Frameworks */ = {isa = PBXBuildFile; fileRef = 4C9D8DE51710B475001145B8 /* CFNetwork.framework */; };
		4C9D8DE81710B47B001145B8 /* libstdc++.dylib in Frameworks */ = {isa = PBXBuildFile; fileRef = 4C9D8DE71710B47B001145B8 /* libstdc++.dylib */; };
		4C9D8DEA1710B481001145B8 /* CoreAudio.framework in Frameworks */ = {isa = PBXBuildFile; fileRef = 4C9D8DE91710B481001145B8 /* CoreAudio.framework */; };
		4C9D8DEC1710B488001145B8 /* AudioToolbox.framework in Frameworks */ = {isa = PBXBuildFile; fileRef = 4C9D8DEB1710B488001145B8 /* AudioToolbox.framework */; };
		4C9D8DEE1710B48D001145B8 /* AVFoundation.framework in Frameworks */ = {isa = PBXBuildFile; fileRef = 4C9D8DED1710B48D001145B8 /* AVFoundation.framework */; };
		4C9D8DF01710B4CB001145B8 /* SPLoginResources.bundle in Resources */ = {isa = PBXBuildFile; fileRef = 4C9D8DEF1710B4CB001145B8 /* SPLoginResources.bundle */; };
		4C9D8DF11710B503001145B8 /* libCocoaLibSpotify.a in Frameworks */ = {isa = PBXBuildFile; fileRef = 4C9D8DDE1710B44A001145B8 /* libCocoaLibSpotify.a */; };
/* End PBXBuildFile section */

/* Begin PBXContainerItemProxy section */
		4C8D1A011710B97D006A3BA9 /* PBXContainerItemProxy */ = {
			isa = PBXContainerItemProxy;
			containerPortal = 4C9D8DAA1710B432001145B8 /* Project object */;
			proxyType = 1;
			remoteGlobalIDString = 4C9D8DB11710B432001145B8;
			remoteInfo = GroupQDemo;
		};
		4C9D8DDD1710B44A001145B8 /* PBXContainerItemProxy */ = {
			isa = PBXContainerItemProxy;
			containerPortal = 4C9D8DD81710B44A001145B8 /* CocoaLibSpotify iOS Library.xcodeproj */;
			proxyType = 2;
			remoteGlobalIDString = 50AF49DC1439CBFE00E4A5EF;
			remoteInfo = CocoaLibSpotify;
		};
		4C9D8DDF1710B44A001145B8 /* PBXContainerItemProxy */ = {
			isa = PBXContainerItemProxy;
			containerPortal = 4C9D8DD81710B44A001145B8 /* CocoaLibSpotify iOS Library.xcodeproj */;
			proxyType = 2;
			remoteGlobalIDString = 50D4F52B156BCDE800E237DD;
			remoteInfo = CocoaLSTests;
		};
/* End PBXContainerItemProxy section */

/* Begin PBXFileReference section */
		4C8D19E81710B8C9006A3BA9 /* CocoaTests.octest */ = {isa = PBXFileReference; explicitFileType = wrapper.cfbundle; includeInIndex = 0; path = CocoaTests.octest; sourceTree = BUILT_PRODUCTS_DIR; };
		4C8D19E91710B8C9006A3BA9 /* SenTestingKit.framework */ = {isa = PBXFileReference; lastKnownFileType = wrapper.framework; name = SenTestingKit.framework; path = Library/Frameworks/SenTestingKit.framework; sourceTree = DEVELOPER_DIR; };
		4C8D19EF1710B8C9006A3BA9 /* CocoaTests-Info.plist */ = {isa = PBXFileReference; lastKnownFileType = text.plist.xml; path = "CocoaTests-Info.plist"; sourceTree = "<group>"; };
		4C8D19F11710B8C9006A3BA9 /* en */ = {isa = PBXFileReference; lastKnownFileType = text.plist.strings; name = en; path = en.lproj/InfoPlist.strings; sourceTree = "<group>"; };
		4C8D19F31710B8C9006A3BA9 /* CocoaTests.h */ = {isa = PBXFileReference; lastKnownFileType = sourcecode.c.h; path = CocoaTests.h; sourceTree = "<group>"; };
		4C8D19F41710B8C9006A3BA9 /* CocoaTests.m */ = {isa = PBXFileReference; lastKnownFileType = sourcecode.c.objc; path = CocoaTests.m; sourceTree = "<group>"; };
		4C8D19F61710B8C9006A3BA9 /* CocoaTests-Prefix.pch */ = {isa = PBXFileReference; lastKnownFileType = sourcecode.c.h; path = "CocoaTests-Prefix.pch"; sourceTree = "<group>"; };
		4C8D1A031710BA55006A3BA9 /* SenTestingKit.framework */ = {isa = PBXFileReference; lastKnownFileType = wrapper.framework; name = SenTestingKit.framework; path = Library/Frameworks/SenTestingKit.framework; sourceTree = DEVELOPER_DIR; };
		4C8D1A051710BB01006A3BA9 /* SpotifySearchTest.h */ = {isa = PBXFileReference; fileEncoding = 4; lastKnownFileType = sourcecode.c.h; path = SpotifySearchTest.h; sourceTree = "<group>"; };
		4C8D1A061710BB01006A3BA9 /* SpotifySearchTest.m */ = {isa = PBXFileReference; fileEncoding = 4; lastKnownFileType = sourcecode.c.objc; path = SpotifySearchTest.m; sourceTree = "<group>"; };
		4C9D8DB21710B432001145B8 /* GroupQDemo.app */ = {isa = PBXFileReference; explicitFileType = wrapper.application; includeInIndex = 0; path = GroupQDemo.app; sourceTree = BUILT_PRODUCTS_DIR; };
		4C9D8DB51710B432001145B8 /* UIKit.framework */ = {isa = PBXFileReference; lastKnownFileType = wrapper.framework; name = UIKit.framework; path = System/Library/Frameworks/UIKit.framework; sourceTree = SDKROOT; };
		4C9D8DB71710B432001145B8 /* Foundation.framework */ = {isa = PBXFileReference; lastKnownFileType = wrapper.framework; name = Foundation.framework; path = System/Library/Frameworks/Foundation.framework; sourceTree = SDKROOT; };
		4C9D8DB91710B432001145B8 /* CoreGraphics.framework */ = {isa = PBXFileReference; lastKnownFileType = wrapper.framework; name = CoreGraphics.framework; path = System/Library/Frameworks/CoreGraphics.framework; sourceTree = SDKROOT; };
		4C9D8DBD1710B432001145B8 /* GroupQDemo-Info.plist */ = {isa = PBXFileReference; lastKnownFileType = text.plist.xml; path = "GroupQDemo-Info.plist"; sourceTree = "<group>"; };
		4C9D8DBF1710B432001145B8 /* en */ = {isa = PBXFileReference; lastKnownFileType = text.plist.strings; name = en; path = en.lproj/InfoPlist.strings; sourceTree = "<group>"; };
		4C9D8DC11710B432001145B8 /* main.m */ = {isa = PBXFileReference; lastKnownFileType = sourcecode.c.objc; path = main.m; sourceTree = "<group>"; };
		4C9D8DC31710B432001145B8 /* GroupQDemo-Prefix.pch */ = {isa = PBXFileReference; lastKnownFileType = sourcecode.c.h; path = "GroupQDemo-Prefix.pch"; sourceTree = "<group>"; };
		4C9D8DC41710B432001145B8 /* AppDelegate.h */ = {isa = PBXFileReference; lastKnownFileType = sourcecode.c.h; path = AppDelegate.h; sourceTree = "<group>"; };
		4C9D8DC51710B432001145B8 /* AppDelegate.m */ = {isa = PBXFileReference; lastKnownFileType = sourcecode.c.objc; path = AppDelegate.m; sourceTree = "<group>"; };
		4C9D8DC71710B432001145B8 /* Default.png */ = {isa = PBXFileReference; lastKnownFileType = image.png; path = Default.png; sourceTree = "<group>"; };
		4C9D8DC91710B432001145B8 /* Default@2x.png */ = {isa = PBXFileReference; lastKnownFileType = image.png; path = "Default@2x.png"; sourceTree = "<group>"; };
		4C9D8DCB1710B432001145B8 /* Default-568h@2x.png */ = {isa = PBXFileReference; lastKnownFileType = image.png; path = "Default-568h@2x.png"; sourceTree = "<group>"; };
		4C9D8DCE1710B432001145B8 /* en */ = {isa = PBXFileReference; lastKnownFileType = file.storyboard; name = en; path = en.lproj/MainStoryboard.storyboard; sourceTree = "<group>"; };
		4C9D8DD81710B44A001145B8 /* CocoaLibSpotify iOS Library.xcodeproj */ = {isa = PBXFileReference; lastKnownFileType = "wrapper.pb-project"; name = "CocoaLibSpotify iOS Library.xcodeproj"; path = "../cocoalibspotify-master/iOS Library/CocoaLibSpotify iOS Library.xcodeproj"; sourceTree = "<group>"; };
		4C9D8DE31710B46D001145B8 /* SystemConfiguration.framework */ = {isa = PBXFileReference; lastKnownFileType = wrapper.framework; name = SystemConfiguration.framework; path = System/Library/Frameworks/SystemConfiguration.framework; sourceTree = SDKROOT; };
		4C9D8DE51710B475001145B8 /* CFNetwork.framework */ = {isa = PBXFileReference; lastKnownFileType = wrapper.framework; name = CFNetwork.framework; path = System/Library/Frameworks/CFNetwork.framework; sourceTree = SDKROOT; };
		4C9D8DE71710B47B001145B8 /* libstdc++.dylib */ = {isa = PBXFileReference; lastKnownFileType = "compiled.mach-o.dylib"; name = "libstdc++.dylib"; path = "usr/lib/libstdc++.dylib"; sourceTree = SDKROOT; };
		4C9D8DE91710B481001145B8 /* CoreAudio.framework */ = {isa = PBXFileReference; lastKnownFileType = wrapper.framework; name = CoreAudio.framework; path = System/Library/Frameworks/CoreAudio.framework; sourceTree = SDKROOT; };
		4C9D8DEB1710B488001145B8 /* AudioToolbox.framework */ = {isa = PBXFileReference; lastKnownFileType = wrapper.framework; name = AudioToolbox.framework; path = System/Library/Frameworks/AudioToolbox.framework; sourceTree = SDKROOT; };
		4C9D8DED1710B48D001145B8 /* AVFoundation.framework */ = {isa = PBXFileReference; lastKnownFileType = wrapper.framework; name = AVFoundation.framework; path = System/Library/Frameworks/AVFoundation.framework; sourceTree = SDKROOT; };
		4C9D8DEF1710B4CB001145B8 /* SPLoginResources.bundle */ = {isa = PBXFileReference; lastKnownFileType = "wrapper.plug-in"; name = SPLoginResources.bundle; path = "../../cocoalibspotify-master/iOS Library/SPLoginResources.bundle"; sourceTree = "<group>"; };
		4C9D8DF21710B54F001145B8 /* SpotifyConnection.h */ = {isa = PBXFileReference; lastKnownFileType = sourcecode.c.h; path = SpotifyConnection.h; sourceTree = "<group>"; };
		4C9D8DF31710B54F001145B8 /* SpotifyConnection.m */ = {isa = PBXFileReference; lastKnownFileType = sourcecode.c.objc; path = SpotifyConnection.m; sourceTree = "<group>"; };
		4C9D8DF41710B54F001145B8 /* SpotifyPlayer.h */ = {isa = PBXFileReference; lastKnownFileType = sourcecode.c.h; path = SpotifyPlayer.h; sourceTree = "<group>"; };
		4C9D8DF51710B54F001145B8 /* SpotifyPlayer.m */ = {isa = PBXFileReference; lastKnownFileType = sourcecode.c.objc; path = SpotifyPlayer.m; sourceTree = "<group>"; };
		4C9D8DF61710B54F001145B8 /* SpotifyQueueItem.h */ = {isa = PBXFileReference; lastKnownFileType = sourcecode.c.h; path = SpotifyQueueItem.h; sourceTree = "<group>"; };
		4C9D8DF71710B54F001145B8 /* SpotifyQueueItem.m */ = {isa = PBXFileReference; lastKnownFileType = sourcecode.c.objc; path = SpotifyQueueItem.m; sourceTree = "<group>"; };
		4C9D8DF81710B54F001145B8 /* SpotifySearcher.h */ = {isa = PBXFileReference; lastKnownFileType = sourcecode.c.h; path = SpotifySearcher.h; sourceTree = "<group>"; };
		4C9D8DF91710B54F001145B8 /* SpotifySearcher.m */ = {isa = PBXFileReference; lastKnownFileType = sourcecode.c.objc; path = SpotifySearcher.m; sourceTree = "<group>"; };
		4C9D8DFA1710B54F001145B8 /* SpotifySearcherDelegate.h */ = {isa = PBXFileReference; lastKnownFileType = sourcecode.c.h; path = SpotifySearcherDelegate.h; sourceTree = "<group>"; };
		4C9D8DFB1710B57F001145B8 /* GroupQConnection.h */ = {isa = PBXFileReference; lastKnownFileType = sourcecode.c.h; path = GroupQConnection.h; sourceTree = "<group>"; };
		4C9D8DFC1710B57F001145B8 /* GroupQConnection.m */ = {isa = PBXFileReference; lastKnownFileType = sourcecode.c.objc; path = GroupQConnection.m; sourceTree = "<group>"; };
		4C9D8DFD1710B57F001145B8 /* GroupQConnectionDelegate.h */ = {isa = PBXFileReference; lastKnownFileType = sourcecode.c.h; path = GroupQConnectionDelegate.h; sourceTree = "<group>"; };
		4C9D8DFE1710B57F001145B8 /* GroupQEvent.h */ = {isa = PBXFileReference; lastKnownFileType = sourcecode.c.h; path = GroupQEvent.h; sourceTree = "<group>"; };
		4C9D8DFF1710B57F001145B8 /* GroupQEvent.m */ = {isa = PBXFileReference; lastKnownFileType = sourcecode.c.objc; path = GroupQEvent.m; sourceTree = "<group>"; };
		4C9D8E001710B57F001145B8 /* GroupQEventDelegate.h */ = {isa = PBXFileReference; lastKnownFileType = sourcecode.c.h; path = GroupQEventDelegate.h; sourceTree = "<group>"; };
		4C9D8E011710B57F001145B8 /* GroupQNetworking.h */ = {isa = PBXFileReference; lastKnownFileType = sourcecode.c.h; path = GroupQNetworking.h; sourceTree = "<group>"; };
		4C9D8E021710B588001145B8 /* GroupQClient.h */ = {isa = PBXFileReference; lastKnownFileType = sourcecode.c.h; path = GroupQClient.h; sourceTree = "<group>"; };
		4C9D8E031710B588001145B8 /* GroupQClient.m */ = {isa = PBXFileReference; lastKnownFileType = sourcecode.c.objc; path = GroupQClient.m; sourceTree = "<group>"; };
		4C9D8E041710B588001145B8 /* GroupQClientDelegate.h */ = {isa = PBXFileReference; lastKnownFileType = sourcecode.c.h; path = GroupQClientDelegate.h; sourceTree = "<group>"; };
		4C9D8E0B1710B618001145B8 /* Spotify.h */ = {isa = PBXFileReference; lastKnownFileType = sourcecode.c.h; path = Spotify.h; sourceTree = "<group>"; };
/* End PBXFileReference section */

/* Begin PBXFrameworksBuildPhase section */
		4C8D19E41710B8C9006A3BA9 /* Frameworks */ = {
			isa = PBXFrameworksBuildPhase;
			buildActionMask = 2147483647;
			files = (
				4C8D1A041710BA55006A3BA9 /* SenTestingKit.framework in Frameworks */,
				4C8D1A001710B921006A3BA9 /* libCocoaLibSpotify.a in Frameworks */,
				4C8D19FF1710B918006A3BA9 /* AVFoundation.framework in Frameworks */,
				4C8D19FE1710B911006A3BA9 /* AudioToolbox.framework in Frameworks */,
				4C8D19FD1710B90A006A3BA9 /* CoreAudio.framework in Frameworks */,
				4C8D19FC1710B903006A3BA9 /* libstdc++.dylib in Frameworks */,
				4C8D19FB1710B8FA006A3BA9 /* CFNetwork.framework in Frameworks */,
				4C8D19FA1710B8F2006A3BA9 /* SystemConfiguration.framework in Frameworks */,
				4C8D19EB1710B8C9006A3BA9 /* UIKit.framework in Frameworks */,
				4C8D19EC1710B8C9006A3BA9 /* Foundation.framework in Frameworks */,
			);
			runOnlyForDeploymentPostprocessing = 0;
		};
		4C9D8DAF1710B432001145B8 /* Frameworks */ = {
			isa = PBXFrameworksBuildPhase;
			buildActionMask = 2147483647;
			files = (
				4C9D8DF11710B503001145B8 /* libCocoaLibSpotify.a in Frameworks */,
				4C9D8DEE1710B48D001145B8 /* AVFoundation.framework in Frameworks */,
				4C9D8DEC1710B488001145B8 /* AudioToolbox.framework in Frameworks */,
				4C9D8DEA1710B481001145B8 /* CoreAudio.framework in Frameworks */,
				4C9D8DE81710B47B001145B8 /* libstdc++.dylib in Frameworks */,
				4C9D8DE61710B475001145B8 /* CFNetwork.framework in Frameworks */,
				4C9D8DE41710B46D001145B8 /* SystemConfiguration.framework in Frameworks */,
				4C9D8DB61710B432001145B8 /* UIKit.framework in Frameworks */,
				4C9D8DB81710B432001145B8 /* Foundation.framework in Frameworks */,
				4C9D8DBA1710B432001145B8 /* CoreGraphics.framework in Frameworks */,
			);
			runOnlyForDeploymentPostprocessing = 0;
		};
/* End PBXFrameworksBuildPhase section */

/* Begin PBXGroup section */
		4C8D19ED1710B8C9006A3BA9 /* CocoaTests */ = {
			isa = PBXGroup;
			children = (
				4C8D19F31710B8C9006A3BA9 /* CocoaTests.h */,
				4C8D19F41710B8C9006A3BA9 /* CocoaTests.m */,
				4C8D19EE1710B8C9006A3BA9 /* Supporting Files */,
			);
			path = CocoaTests;
			sourceTree = "<group>";
		};
		4C8D19EE1710B8C9006A3BA9 /* Supporting Files */ = {
			isa = PBXGroup;
			children = (
				4C8D19EF1710B8C9006A3BA9 /* CocoaTests-Info.plist */,
				4C8D19F01710B8C9006A3BA9 /* InfoPlist.strings */,
				4C8D19F61710B8C9006A3BA9 /* CocoaTests-Prefix.pch */,
			);
			name = "Supporting Files";
			sourceTree = "<group>";
		};
		4C9D8DA91710B432001145B8 = {
			isa = PBXGroup;
			children = (
				4C8D1A051710BB01006A3BA9 /* SpotifySearchTest.h */,
				4C8D1A061710BB01006A3BA9 /* SpotifySearchTest.m */,
				4C8D1A031710BA55006A3BA9 /* SenTestingKit.framework */,
				4C9D8DBB1710B432001145B8 /* GroupQDemo */,
				4C8D19ED1710B8C9006A3BA9 /* CocoaTests */,
				4C9D8DB41710B432001145B8 /* Frameworks */,
				4C9D8DB31710B432001145B8 /* Products */,
			);
			sourceTree = "<group>";
		};
		4C9D8DB31710B432001145B8 /* Products */ = {
			isa = PBXGroup;
			children = (
				4C9D8DB21710B432001145B8 /* GroupQDemo.app */,
				4C8D19E81710B8C9006A3BA9 /* CocoaTests.octest */,
			);
			name = Products;
			sourceTree = "<group>";
		};
		4C9D8DB41710B432001145B8 /* Frameworks */ = {
			isa = PBXGroup;
			children = (
				4C9D8DD81710B44A001145B8 /* CocoaLibSpotify iOS Library.xcodeproj */,
				4C9D8DED1710B48D001145B8 /* AVFoundation.framework */,
				4C9D8DEB1710B488001145B8 /* AudioToolbox.framework */,
				4C9D8DE91710B481001145B8 /* CoreAudio.framework */,
				4C9D8DE51710B475001145B8 /* CFNetwork.framework */,
				4C9D8DE31710B46D001145B8 /* SystemConfiguration.framework */,
				4C9D8DB51710B432001145B8 /* UIKit.framework */,
				4C9D8DB71710B432001145B8 /* Foundation.framework */,
				4C9D8DB91710B432001145B8 /* CoreGraphics.framework */,
				4C8D19E91710B8C9006A3BA9 /* SenTestingKit.framework */,
			);
			name = Frameworks;
			sourceTree = "<group>";
		};
		4C9D8DBB1710B432001145B8 /* GroupQDemo */ = {
			isa = PBXGroup;
			children = (
				4C9D8E051710B5C1001145B8 /* GroupQNetworking */,
				4C9D8E081710B5EB001145B8 /* Spotify */,
				4C9D8DC41710B432001145B8 /* AppDelegate.h */,
				4C9D8DC51710B432001145B8 /* AppDelegate.m */,
				4C9D8DCD1710B432001145B8 /* MainStoryboard.storyboard */,
				4C9D8DBC1710B432001145B8 /* Supporting Files */,
			);
			path = GroupQDemo;
			sourceTree = "<group>";
		};
		4C9D8DBC1710B432001145B8 /* Supporting Files */ = {
			isa = PBXGroup;
			children = (
				4C9D8DEF1710B4CB001145B8 /* SPLoginResources.bundle */,
				4C9D8DE71710B47B001145B8 /* libstdc++.dylib */,
				4C9D8DBD1710B432001145B8 /* GroupQDemo-Info.plist */,
				4C9D8DBE1710B432001145B8 /* InfoPlist.strings */,
				4C9D8DC11710B432001145B8 /* main.m */,
				4C9D8DC31710B432001145B8 /* GroupQDemo-Prefix.pch */,
				4C9D8DC71710B432001145B8 /* Default.png */,
				4C9D8DC91710B432001145B8 /* Default@2x.png */,
				4C9D8DCB1710B432001145B8 /* Default-568h@2x.png */,
			);
			name = "Supporting Files";
			sourceTree = "<group>";
		};
		4C9D8DD91710B44A001145B8 /* Products */ = {
			isa = PBXGroup;
			children = (
				4C9D8DDE1710B44A001145B8 /* libCocoaLibSpotify.a */,
				4C9D8DE01710B44A001145B8 /* CocoaLSTests.app */,
			);
			name = Products;
			sourceTree = "<group>";
		};
		4C9D8E051710B5C1001145B8 /* GroupQNetworking */ = {
			isa = PBXGroup;
			children = (
				4C9D8E071710B5D7001145B8 /* Classes */,
				4C9D8E061710B5CB001145B8 /* Delegates */,
				4C9D8E011710B57F001145B8 /* GroupQNetworking.h */,
			);
			name = GroupQNetworking;
			sourceTree = "<group>";
		};
		4C9D8E061710B5CB001145B8 /* Delegates */ = {
			isa = PBXGroup;
			children = (
				4C9D8E041710B588001145B8 /* GroupQClientDelegate.h */,
				4C9D8DFD1710B57F001145B8 /* GroupQConnectionDelegate.h */,
				4C9D8E001710B57F001145B8 /* GroupQEventDelegate.h */,
			);
			name = Delegates;
			sourceTree = "<group>";
		};
		4C9D8E071710B5D7001145B8 /* Classes */ = {
			isa = PBXGroup;
			children = (
				4C9D8E021710B588001145B8 /* GroupQClient.h */,
				4C9D8E031710B588001145B8 /* GroupQClient.m */,
				4C9D8DFB1710B57F001145B8 /* GroupQConnection.h */,
				4C9D8DFC1710B57F001145B8 /* GroupQConnection.m */,
				4C9D8DFE1710B57F001145B8 /* GroupQEvent.h */,
				4C9D8DFF1710B57F001145B8 /* GroupQEvent.m */,
			);
			name = Classes;
			sourceTree = "<group>";
		};
		4C9D8E081710B5EB001145B8 /* Spotify */ = {
			isa = PBXGroup;
			children = (
				4C9D8E0A1710B607001145B8 /* Delegates */,
				4C9D8E091710B5FA001145B8 /* Classes */,
				4C9D8E0B1710B618001145B8 /* Spotify.h */,
			);
			name = Spotify;
			sourceTree = "<group>";
		};
		4C9D8E091710B5FA001145B8 /* Classes */ = {
			isa = PBXGroup;
			children = (
				4C9D8DF21710B54F001145B8 /* SpotifyConnection.h */,
				4C9D8DF31710B54F001145B8 /* SpotifyConnection.m */,
				4C9D8DF41710B54F001145B8 /* SpotifyPlayer.h */,
				4C9D8DF51710B54F001145B8 /* SpotifyPlayer.m */,
				4C9D8DF61710B54F001145B8 /* SpotifyQueueItem.h */,
				4C9D8DF71710B54F001145B8 /* SpotifyQueueItem.m */,
				4C9D8DF81710B54F001145B8 /* SpotifySearcher.h */,
				4C9D8DF91710B54F001145B8 /* SpotifySearcher.m */,
			);
			name = Classes;
			sourceTree = "<group>";
		};
		4C9D8E0A1710B607001145B8 /* Delegates */ = {
			isa = PBXGroup;
			children = (
				4C9D8DFA1710B54F001145B8 /* SpotifySearcherDelegate.h */,
			);
			name = Delegates;
			sourceTree = "<group>";
		};
/* End PBXGroup section */

/* Begin PBXNativeTarget section */
		4C8D19E71710B8C9006A3BA9 /* CocoaTests */ = {
			isa = PBXNativeTarget;
			buildConfigurationList = 4C8D19F71710B8C9006A3BA9 /* Build configuration list for PBXNativeTarget "CocoaTests" */;
			buildPhases = (
				4C8D19E31710B8C9006A3BA9 /* Sources */,
				4C8D19E41710B8C9006A3BA9 /* Frameworks */,
				4C8D19E51710B8C9006A3BA9 /* Resources */,
				4C8D19E61710B8C9006A3BA9 /* ShellScript */,
			);
			buildRules = (
			);
			dependencies = (
				4C8D1A021710B97D006A3BA9 /* PBXTargetDependency */,
			);
			name = CocoaTests;
			productName = CocoaTests;
			productReference = 4C8D19E81710B8C9006A3BA9 /* CocoaTests.octest */;
			productType = "com.apple.product-type.bundle";
		};
		4C9D8DB11710B432001145B8 /* GroupQDemo */ = {
			isa = PBXNativeTarget;
			buildConfigurationList = 4C9D8DD51710B432001145B8 /* Build configuration list for PBXNativeTarget "GroupQDemo" */;
			buildPhases = (
				4C9D8DAE1710B432001145B8 /* Sources */,
				4C9D8DAF1710B432001145B8 /* Frameworks */,
				4C9D8DB01710B432001145B8 /* Resources */,
			);
			buildRules = (
			);
			dependencies = (
			);
			name = GroupQDemo;
			productName = GroupQDemo;
			productReference = 4C9D8DB21710B432001145B8 /* GroupQDemo.app */;
			productType = "com.apple.product-type.application";
		};
/* End PBXNativeTarget section */

/* Begin PBXProject section */
		4C9D8DAA1710B432001145B8 /* Project object */ = {
			isa = PBXProject;
			attributes = {
				LastUpgradeCheck = 0460;
				ORGANIZATIONNAME = "Team Awesome";
			};
			buildConfigurationList = 4C9D8DAD1710B432001145B8 /* Build configuration list for PBXProject "GroupQDemo" */;
			compatibilityVersion = "Xcode 3.2";
			developmentRegion = English;
			hasScannedForEncodings = 0;
			knownRegions = (
				en,
			);
			mainGroup = 4C9D8DA91710B432001145B8;
			productRefGroup = 4C9D8DB31710B432001145B8 /* Products */;
			projectDirPath = "";
			projectReferences = (
				{
					ProductGroup = 4C9D8DD91710B44A001145B8 /* Products */;
					ProjectRef = 4C9D8DD81710B44A001145B8 /* CocoaLibSpotify iOS Library.xcodeproj */;
				},
			);
			projectRoot = "";
			targets = (
				4C9D8DB11710B432001145B8 /* GroupQDemo */,
				4C8D19E71710B8C9006A3BA9 /* CocoaTests */,
			);
		};
/* End PBXProject section */

/* Begin PBXReferenceProxy section */
		4C9D8DDE1710B44A001145B8 /* libCocoaLibSpotify.a */ = {
			isa = PBXReferenceProxy;
			fileType = archive.ar;
			path = libCocoaLibSpotify.a;
			remoteRef = 4C9D8DDD1710B44A001145B8 /* PBXContainerItemProxy */;
			sourceTree = BUILT_PRODUCTS_DIR;
		};
		4C9D8DE01710B44A001145B8 /* CocoaLSTests.app */ = {
			isa = PBXReferenceProxy;
			fileType = wrapper.application;
			path = CocoaLSTests.app;
			remoteRef = 4C9D8DDF1710B44A001145B8 /* PBXContainerItemProxy */;
			sourceTree = BUILT_PRODUCTS_DIR;
		};
/* End PBXReferenceProxy section */

/* Begin PBXResourcesBuildPhase section */
		4C8D19E51710B8C9006A3BA9 /* Resources */ = {
			isa = PBXResourcesBuildPhase;
			buildActionMask = 2147483647;
			files = (
				4C8D19F21710B8C9006A3BA9 /* InfoPlist.strings in Resources */,
			);
			runOnlyForDeploymentPostprocessing = 0;
		};
		4C9D8DB01710B432001145B8 /* Resources */ = {
			isa = PBXResourcesBuildPhase;
			buildActionMask = 2147483647;
			files = (
				4C9D8DC01710B432001145B8 /* InfoPlist.strings in Resources */,
				4C9D8DC81710B432001145B8 /* Default.png in Resources */,
				4C9D8DCA1710B432001145B8 /* Default@2x.png in Resources */,
				4C9D8DCC1710B432001145B8 /* Default-568h@2x.png in Resources */,
				4C9D8DCF1710B432001145B8 /* MainStoryboard.storyboard in Resources */,
				4C9D8DF01710B4CB001145B8 /* SPLoginResources.bundle in Resources */,
			);
			runOnlyForDeploymentPostprocessing = 0;
		};
/* End PBXResourcesBuildPhase section */

/* Begin PBXShellScriptBuildPhase section */
		4C8D19E61710B8C9006A3BA9 /* ShellScript */ = {
			isa = PBXShellScriptBuildPhase;
			buildActionMask = 2147483647;
			files = (
			);
			inputPaths = (
			);
			outputPaths = (
			);
			runOnlyForDeploymentPostprocessing = 0;
			shellPath = /bin/sh;
			shellScript = "# Run the unit tests in this test bundle.\n\"${SYSTEM_DEVELOPER_DIR}/Tools/RunUnitTests\"\n";
		};
/* End PBXShellScriptBuildPhase section */

/* Begin PBXSourcesBuildPhase section */
		4C8D19E31710B8C9006A3BA9 /* Sources */ = {
			isa = PBXSourcesBuildPhase;
			buildActionMask = 2147483647;
			files = (
				4C8D19F51710B8C9006A3BA9 /* CocoaTests.m in Sources */,
				4C8D1A071710BB01006A3BA9 /* SpotifySearchTest.m in Sources */,
			);
			runOnlyForDeploymentPostprocessing = 0;
		};
		4C9D8DAE1710B432001145B8 /* Sources */ = {
			isa = PBXSourcesBuildPhase;
			buildActionMask = 2147483647;
			files = (
				4C9D8DC21710B432001145B8 /* main.m in Sources */,
				4C9D8DC61710B432001145B8 /* AppDelegate.m in Sources */,
			);
			runOnlyForDeploymentPostprocessing = 0;
		};
/* End PBXSourcesBuildPhase section */

/* Begin PBXTargetDependency section */
		4C8D1A021710B97D006A3BA9 /* PBXTargetDependency */ = {
			isa = PBXTargetDependency;
			target = 4C9D8DB11710B432001145B8 /* GroupQDemo */;
			targetProxy = 4C8D1A011710B97D006A3BA9 /* PBXContainerItemProxy */;
		};
/* End PBXTargetDependency section */

/* Begin PBXVariantGroup section */
		4C8D19F01710B8C9006A3BA9 /* InfoPlist.strings */ = {
			isa = PBXVariantGroup;
			children = (
				4C8D19F11710B8C9006A3BA9 /* en */,
			);
			name = InfoPlist.strings;
			sourceTree = "<group>";
		};
		4C9D8DBE1710B432001145B8 /* InfoPlist.strings */ = {
			isa = PBXVariantGroup;
			children = (
				4C9D8DBF1710B432001145B8 /* en */,
			);
			name = InfoPlist.strings;
			sourceTree = "<group>";
		};
		4C9D8DCD1710B432001145B8 /* MainStoryboard.storyboard */ = {
			isa = PBXVariantGroup;
			children = (
				4C9D8DCE1710B432001145B8 /* en */,
			);
			name = MainStoryboard.storyboard;
			sourceTree = "<group>";
		};
/* End PBXVariantGroup section */

/* Begin XCBuildConfiguration section */
		4C8D19F81710B8C9006A3BA9 /* Debug */ = {
			isa = XCBuildConfiguration;
			buildSettings = {
				BUNDLE_LOADER = "$(BUILT_PRODUCTS_DIR)/GroupQDemo.app/GroupQDemo";
				FRAMEWORK_SEARCH_PATHS = (
					"\"$(SDKROOT)/Developer/Library/Frameworks\"",
					"\"$(DEVELOPER_LIBRARY_DIR)/Frameworks\"",
				);
				GCC_PRECOMPILE_PREFIX_HEADER = YES;
				GCC_PREFIX_HEADER = "CocoaTests/CocoaTests-Prefix.pch";
				INFOPLIST_FILE = "CocoaTests/CocoaTests-Info.plist";
				OTHER_LDFLAGS = (
					"-ObjC",
					"-all_load",
				);
				PRODUCT_NAME = "$(TARGET_NAME)";
				TEST_HOST = "@(BUNDLE_LOADER)";
				WRAPPER_EXTENSION = octest;
			};
			name = Debug;
		};
		4C8D19F91710B8C9006A3BA9 /* Release */ = {
			isa = XCBuildConfiguration;
			buildSettings = {
				BUNDLE_LOADER = "$(BUILT_PRODUCTS_DIR)/GroupQDemo.app/GroupQDemo";
				FRAMEWORK_SEARCH_PATHS = (
					"\"$(SDKROOT)/Developer/Library/Frameworks\"",
					"\"$(DEVELOPER_LIBRARY_DIR)/Frameworks\"",
				);
				GCC_PRECOMPILE_PREFIX_HEADER = YES;
				GCC_PREFIX_HEADER = "CocoaTests/CocoaTests-Prefix.pch";
				INFOPLIST_FILE = "CocoaTests/CocoaTests-Info.plist";
				OTHER_LDFLAGS = (
					"-ObjC",
					"-all_load",
				);
				PRODUCT_NAME = "$(TARGET_NAME)";
				TEST_HOST = "@(BUNDLE_LOADER)";
				WRAPPER_EXTENSION = octest;
			};
			name = Release;
		};
		4C9D8DD31710B432001145B8 /* Debug */ = {
			isa = XCBuildConfiguration;
			buildSettings = {
				ALWAYS_SEARCH_USER_PATHS = NO;
				CLANG_CXX_LANGUAGE_STANDARD = "gnu++0x";
				CLANG_CXX_LIBRARY = "libc++";
				CLANG_ENABLE_OBJC_ARC = YES;
				CLANG_WARN_CONSTANT_CONVERSION = YES;
				CLANG_WARN_EMPTY_BODY = YES;
				CLANG_WARN_ENUM_CONVERSION = YES;
				CLANG_WARN_INT_CONVERSION = YES;
				CLANG_WARN__DUPLICATE_METHOD_MATCH = YES;
				"CODE_SIGN_IDENTITY[sdk=iphoneos*]" = "iPhone Developer";
				COPY_PHASE_STRIP = NO;
				GCC_C_LANGUAGE_STANDARD = gnu99;
				GCC_DYNAMIC_NO_PIC = NO;
				GCC_OPTIMIZATION_LEVEL = 0;
				GCC_PREPROCESSOR_DEFINITIONS = (
					"DEBUG=1",
					"$(inherited)",
				);
				GCC_SYMBOLS_PRIVATE_EXTERN = NO;
				GCC_WARN_ABOUT_RETURN_TYPE = YES;
				GCC_WARN_UNINITIALIZED_AUTOS = YES;
				GCC_WARN_UNUSED_VARIABLE = YES;
				IPHONEOS_DEPLOYMENT_TARGET = 6.1;
				ONLY_ACTIVE_ARCH = YES;
				SDKROOT = iphoneos;
			};
			name = Debug;
		};
		4C9D8DD41710B432001145B8 /* Release */ = {
			isa = XCBuildConfiguration;
			buildSettings = {
				ALWAYS_SEARCH_USER_PATHS = NO;
				CLANG_CXX_LANGUAGE_STANDARD = "gnu++0x";
				CLANG_CXX_LIBRARY = "libc++";
				CLANG_ENABLE_OBJC_ARC = YES;
				CLANG_WARN_CONSTANT_CONVERSION = YES;
				CLANG_WARN_EMPTY_BODY = YES;
				CLANG_WARN_ENUM_CONVERSION = YES;
				CLANG_WARN_INT_CONVERSION = YES;
				CLANG_WARN__DUPLICATE_METHOD_MATCH = YES;
				"CODE_SIGN_IDENTITY[sdk=iphoneos*]" = "iPhone Developer";
				COPY_PHASE_STRIP = YES;
				GCC_C_LANGUAGE_STANDARD = gnu99;
				GCC_WARN_ABOUT_RETURN_TYPE = YES;
				GCC_WARN_UNINITIALIZED_AUTOS = YES;
				GCC_WARN_UNUSED_VARIABLE = YES;
				IPHONEOS_DEPLOYMENT_TARGET = 6.1;
				OTHER_CFLAGS = "-DNS_BLOCK_ASSERTIONS=1";
				SDKROOT = iphoneos;
				VALIDATE_PRODUCT = YES;
			};
			name = Release;
		};
		4C9D8DD61710B432001145B8 /* Debug */ = {
			isa = XCBuildConfiguration;
			buildSettings = {
				GCC_PRECOMPILE_PREFIX_HEADER = YES;
				GCC_PREFIX_HEADER = "GroupQDemo/GroupQDemo-Prefix.pch";
				GCC_SYMBOLS_PRIVATE_EXTERN = NO;
				INFOPLIST_FILE = "GroupQDemo/GroupQDemo-Info.plist";
				OTHER_LDFLAGS = (
					"-all_load",
					"-ObjC",
				);
				PRODUCT_NAME = "$(TARGET_NAME)";
				WRAPPER_EXTENSION = app;
			};
			name = Debug;
		};
		4C9D8DD71710B432001145B8 /* Release */ = {
			isa = XCBuildConfiguration;
			buildSettings = {
				GCC_PRECOMPILE_PREFIX_HEADER = YES;
				GCC_PREFIX_HEADER = "GroupQDemo/GroupQDemo-Prefix.pch";
				GCC_SYMBOLS_PRIVATE_EXTERN = NO;
				INFOPLIST_FILE = "GroupQDemo/GroupQDemo-Info.plist";
				OTHER_LDFLAGS = (
					"-all_load",
					"-ObjC",
				);
				PRODUCT_NAME = "$(TARGET_NAME)";
				WRAPPER_EXTENSION = app;
			};
			name = Release;
		};
/* End XCBuildConfiguration section */

/* Begin XCConfigurationList section */
		4C8D19F71710B8C9006A3BA9 /* Build configuration list for PBXNativeTarget "CocoaTests" */ = {
			isa = XCConfigurationList;
			buildConfigurations = (
				4C8D19F81710B8C9006A3BA9 /* Debug */,
				4C8D19F91710B8C9006A3BA9 /* Release */,
			);
			defaultConfigurationIsVisible = 0;
			defaultConfigurationName = Release;
		};
		4C9D8DAD1710B432001145B8 /* Build configuration list for PBXProject "GroupQDemo" */ = {
			isa = XCConfigurationList;
			buildConfigurations = (
				4C9D8DD31710B432001145B8 /* Debug */,
				4C9D8DD41710B432001145B8 /* Release */,
			);
			defaultConfigurationIsVisible = 0;
			defaultConfigurationName = Release;
		};
		4C9D8DD51710B432001145B8 /* Build configuration list for PBXNativeTarget "GroupQDemo" */ = {
			isa = XCConfigurationList;
			buildConfigurations = (
				4C9D8DD61710B432001145B8 /* Debug */,
				4C9D8DD71710B432001145B8 /* Release */,
			);
			defaultConfigurationIsVisible = 0;
			defaultConfigurationName = Release;
		};
/* End XCConfigurationList section */
	};
	rootObject = 4C9D8DAA1710B432001145B8 /* Project object */;
}
