// !$*UTF8*$!
{
	archiveVersion = 1;
	classes = {
	};
	objectVersion = 46;
	objects = {

/* Begin PBXBuildFile section */
		DE381662170BD518006BC182 /* QueueViewController.m in Sources */ = {isa = PBXBuildFile; fileRef = DE381661170BD518006BC182 /* QueueViewController.m */; };
		DE38166C170C8090006BC182 /* MediaPlayer.framework in Frameworks */ = {isa = PBXBuildFile; fileRef = DE38166B170C8090006BC182 /* MediaPlayer.framework */; };
		DEE59DB8170BD0E300CC4D56 /* UIKit.framework in Frameworks */ = {isa = PBXBuildFile; fileRef = DEE59DB7170BD0E300CC4D56 /* UIKit.framework */; };
		DEE59DBA170BD0E300CC4D56 /* Foundation.framework in Frameworks */ = {isa = PBXBuildFile; fileRef = DEE59DB9170BD0E300CC4D56 /* Foundation.framework */; };
		DEE59DBC170BD0E300CC4D56 /* CoreGraphics.framework in Frameworks */ = {isa = PBXBuildFile; fileRef = DEE59DBB170BD0E300CC4D56 /* CoreGraphics.framework */; };
		DEE59DC2170BD0E400CC4D56 /* InfoPlist.strings in Resources */ = {isa = PBXBuildFile; fileRef = DEE59DC0170BD0E400CC4D56 /* InfoPlist.strings */; };
		DEE59DC4170BD0E400CC4D56 /* main.m in Sources */ = {isa = PBXBuildFile; fileRef = DEE59DC3170BD0E400CC4D56 /* main.m */; };
		DEE59DC8170BD0E400CC4D56 /* AppDelegate.m in Sources */ = {isa = PBXBuildFile; fileRef = DEE59DC7170BD0E400CC4D56 /* AppDelegate.m */; };
		DEE59DCA170BD0E400CC4D56 /* Default.png in Resources */ = {isa = PBXBuildFile; fileRef = DEE59DC9170BD0E400CC4D56 /* Default.png */; };
		DEE59DCC170BD0E400CC4D56 /* Default@2x.png in Resources */ = {isa = PBXBuildFile; fileRef = DEE59DCB170BD0E400CC4D56 /* Default@2x.png */; };
		DEE59DCE170BD0E400CC4D56 /* Default-568h@2x.png in Resources */ = {isa = PBXBuildFile; fileRef = DEE59DCD170BD0E400CC4D56 /* Default-568h@2x.png */; };
		DEE59DD1170BD0E400CC4D56 /* MainStoryboard.storyboard in Resources */ = {isa = PBXBuildFile; fileRef = DEE59DCF170BD0E400CC4D56 /* MainStoryboard.storyboard */; };
		DEE59DD4170BD0E400CC4D56 /* ViewController.m in Sources */ = {isa = PBXBuildFile; fileRef = DEE59DD3170BD0E400CC4D56 /* ViewController.m */; };
		DEE59DDC170BD0E400CC4D56 /* SenTestingKit.framework in Frameworks */ = {isa = PBXBuildFile; fileRef = DEE59DDB170BD0E400CC4D56 /* SenTestingKit.framework */; };
		DEE59DDD170BD0E400CC4D56 /* UIKit.framework in Frameworks */ = {isa = PBXBuildFile; fileRef = DEE59DB7170BD0E300CC4D56 /* UIKit.framework */; };
		DEE59DDE170BD0E400CC4D56 /* Foundation.framework in Frameworks */ = {isa = PBXBuildFile; fileRef = DEE59DB9170BD0E300CC4D56 /* Foundation.framework */; };
		DEE59DE6170BD0E400CC4D56 /* InfoPlist.strings in Resources */ = {isa = PBXBuildFile; fileRef = DEE59DE4170BD0E400CC4D56 /* InfoPlist.strings */; };
		DEE59DE9170BD0E400CC4D56 /* GroupMusicTests.m in Sources */ = {isa = PBXBuildFile; fileRef = DEE59DE8170BD0E400CC4D56 /* GroupMusicTests.m */; };
/* End PBXBuildFile section */

/* Begin PBXContainerItemProxy section */
		DEE59DDF170BD0E400CC4D56 /* PBXContainerItemProxy */ = {
			isa = PBXContainerItemProxy;
			containerPortal = DEE59DAC170BD0E300CC4D56 /* Project object */;
			proxyType = 1;
			remoteGlobalIDString = DEE59DB3170BD0E300CC4D56;
			remoteInfo = GroupMusic;
		};
/* End PBXContainerItemProxy section */

/* Begin PBXFileReference section */
		DE381660170BD518006BC182 /* QueueViewController.h */ = {isa = PBXFileReference; fileEncoding = 4; lastKnownFileType = sourcecode.c.h; path = QueueViewController.h; sourceTree = "<group>"; };
		DE381661170BD518006BC182 /* QueueViewController.m */ = {isa = PBXFileReference; fileEncoding = 4; lastKnownFileType = sourcecode.c.objc; path = QueueViewController.m; sourceTree = "<group>"; };
		DE38166B170C8090006BC182 /* MediaPlayer.framework */ = {isa = PBXFileReference; lastKnownFileType = wrapper.framework; name = MediaPlayer.framework; path = System/Library/Frameworks/MediaPlayer.framework; sourceTree = SDKROOT; };
		DEE59DB4170BD0E300CC4D56 /* GroupMusic.app */ = {isa = PBXFileReference; explicitFileType = wrapper.application; includeInIndex = 0; path = GroupMusic.app; sourceTree = BUILT_PRODUCTS_DIR; };
		DEE59DB7170BD0E300CC4D56 /* UIKit.framework */ = {isa = PBXFileReference; lastKnownFileType = wrapper.framework; name = UIKit.framework; path = System/Library/Frameworks/UIKit.framework; sourceTree = SDKROOT; };
		DEE59DB9170BD0E300CC4D56 /* Foundation.framework */ = {isa = PBXFileReference; lastKnownFileType = wrapper.framework; name = Foundation.framework; path = System/Library/Frameworks/Foundation.framework; sourceTree = SDKROOT; };
		DEE59DBB170BD0E300CC4D56 /* CoreGraphics.framework */ = {isa = PBXFileReference; lastKnownFileType = wrapper.framework; name = CoreGraphics.framework; path = System/Library/Frameworks/CoreGraphics.framework; sourceTree = SDKROOT; };
		DEE59DBF170BD0E300CC4D56 /* GroupMusic-Info.plist */ = {isa = PBXFileReference; lastKnownFileType = text.plist.xml; path = "GroupMusic-Info.plist"; sourceTree = "<group>"; };
		DEE59DC1170BD0E400CC4D56 /* en */ = {isa = PBXFileReference; lastKnownFileType = text.plist.strings; name = en; path = en.lproj/InfoPlist.strings; sourceTree = "<group>"; };
		DEE59DC3170BD0E400CC4D56 /* main.m */ = {isa = PBXFileReference; lastKnownFileType = sourcecode.c.objc; path = main.m; sourceTree = "<group>"; };
		DEE59DC5170BD0E400CC4D56 /* GroupMusic-Prefix.pch */ = {isa = PBXFileReference; lastKnownFileType = sourcecode.c.h; path = "GroupMusic-Prefix.pch"; sourceTree = "<group>"; };
		DEE59DC6170BD0E400CC4D56 /* AppDelegate.h */ = {isa = PBXFileReference; lastKnownFileType = sourcecode.c.h; path = AppDelegate.h; sourceTree = "<group>"; };
		DEE59DC7170BD0E400CC4D56 /* AppDelegate.m */ = {isa = PBXFileReference; lastKnownFileType = sourcecode.c.objc; path = AppDelegate.m; sourceTree = "<group>"; };
		DEE59DC9170BD0E400CC4D56 /* Default.png */ = {isa = PBXFileReference; lastKnownFileType = image.png; path = Default.png; sourceTree = "<group>"; };
		DEE59DCB170BD0E400CC4D56 /* Default@2x.png */ = {isa = PBXFileReference; lastKnownFileType = image.png; path = "Default@2x.png"; sourceTree = "<group>"; };
		DEE59DCD170BD0E400CC4D56 /* Default-568h@2x.png */ = {isa = PBXFileReference; lastKnownFileType = image.png; path = "Default-568h@2x.png"; sourceTree = "<group>"; };
		DEE59DD0170BD0E400CC4D56 /* en */ = {isa = PBXFileReference; lastKnownFileType = file.storyboard; name = en; path = en.lproj/MainStoryboard.storyboard; sourceTree = "<group>"; };
		DEE59DD2170BD0E400CC4D56 /* ViewController.h */ = {isa = PBXFileReference; lastKnownFileType = sourcecode.c.h; path = ViewController.h; sourceTree = "<group>"; };
		DEE59DD3170BD0E400CC4D56 /* ViewController.m */ = {isa = PBXFileReference; lastKnownFileType = sourcecode.c.objc; path = ViewController.m; sourceTree = "<group>"; };
		DEE59DDA170BD0E400CC4D56 /* GroupMusicTests.octest */ = {isa = PBXFileReference; explicitFileType = wrapper.cfbundle; includeInIndex = 0; path = GroupMusicTests.octest; sourceTree = BUILT_PRODUCTS_DIR; };
		DEE59DDB170BD0E400CC4D56 /* SenTestingKit.framework */ = {isa = PBXFileReference; lastKnownFileType = wrapper.framework; name = SenTestingKit.framework; path = Library/Frameworks/SenTestingKit.framework; sourceTree = DEVELOPER_DIR; };
		DEE59DE3170BD0E400CC4D56 /* GroupMusicTests-Info.plist */ = {isa = PBXFileReference; lastKnownFileType = text.plist.xml; path = "GroupMusicTests-Info.plist"; sourceTree = "<group>"; };
		DEE59DE5170BD0E400CC4D56 /* en */ = {isa = PBXFileReference; lastKnownFileType = text.plist.strings; name = en; path = en.lproj/InfoPlist.strings; sourceTree = "<group>"; };
		DEE59DE7170BD0E400CC4D56 /* GroupMusicTests.h */ = {isa = PBXFileReference; lastKnownFileType = sourcecode.c.h; path = GroupMusicTests.h; sourceTree = "<group>"; };
		DEE59DE8170BD0E400CC4D56 /* GroupMusicTests.m */ = {isa = PBXFileReference; lastKnownFileType = sourcecode.c.objc; path = GroupMusicTests.m; sourceTree = "<group>"; };
/* End PBXFileReference section */

/* Begin PBXFrameworksBuildPhase section */
		DEE59DB1170BD0E300CC4D56 /* Frameworks */ = {
			isa = PBXFrameworksBuildPhase;
			buildActionMask = 2147483647;
			files = (
				DE38166C170C8090006BC182 /* MediaPlayer.framework in Frameworks */,
				DEE59DB8170BD0E300CC4D56 /* UIKit.framework in Frameworks */,
				DEE59DBA170BD0E300CC4D56 /* Foundation.framework in Frameworks */,
				DEE59DBC170BD0E300CC4D56 /* CoreGraphics.framework in Frameworks */,
			);
			runOnlyForDeploymentPostprocessing = 0;
		};
		DEE59DD6170BD0E400CC4D56 /* Frameworks */ = {
			isa = PBXFrameworksBuildPhase;
			buildActionMask = 2147483647;
			files = (
				DEE59DDC170BD0E400CC4D56 /* SenTestingKit.framework in Frameworks */,
				DEE59DDD170BD0E400CC4D56 /* UIKit.framework in Frameworks */,
				DEE59DDE170BD0E400CC4D56 /* Foundation.framework in Frameworks */,
			);
			runOnlyForDeploymentPostprocessing = 0;
		};
/* End PBXFrameworksBuildPhase section */

/* Begin PBXGroup section */
		DEE59DAB170BD0E300CC4D56 = {
			isa = PBXGroup;
			children = (
				DE38166B170C8090006BC182 /* MediaPlayer.framework */,
				DEE59DBD170BD0E300CC4D56 /* GroupMusic */,
				DEE59DE1170BD0E400CC4D56 /* GroupMusicTests */,
				DEE59DB6170BD0E300CC4D56 /* Frameworks */,
				DEE59DB5170BD0E300CC4D56 /* Products */,
			);
			sourceTree = "<group>";
		};
		DEE59DB5170BD0E300CC4D56 /* Products */ = {
			isa = PBXGroup;
			children = (
				DEE59DB4170BD0E300CC4D56 /* GroupMusic.app */,
				DEE59DDA170BD0E400CC4D56 /* GroupMusicTests.octest */,
			);
			name = Products;
			sourceTree = "<group>";
		};
		DEE59DB6170BD0E300CC4D56 /* Frameworks */ = {
			isa = PBXGroup;
			children = (
				DEE59DB7170BD0E300CC4D56 /* UIKit.framework */,
				DEE59DB9170BD0E300CC4D56 /* Foundation.framework */,
				DEE59DBB170BD0E300CC4D56 /* CoreGraphics.framework */,
				DEE59DDB170BD0E400CC4D56 /* SenTestingKit.framework */,
			);
			name = Frameworks;
			sourceTree = "<group>";
		};
		DEE59DBD170BD0E300CC4D56 /* GroupMusic */ = {
			isa = PBXGroup;
			children = (
				DEE59DC6170BD0E400CC4D56 /* AppDelegate.h */,
				DEE59DC7170BD0E400CC4D56 /* AppDelegate.m */,
				DEE59DCF170BD0E400CC4D56 /* MainStoryboard.storyboard */,
				DE381660170BD518006BC182 /* QueueViewController.h */,
				DE381661170BD518006BC182 /* QueueViewController.m */,
				DEE59DD2170BD0E400CC4D56 /* ViewController.h */,
				DEE59DD3170BD0E400CC4D56 /* ViewController.m */,
				DEE59DBE170BD0E300CC4D56 /* Supporting Files */,
			);
			path = GroupMusic;
			sourceTree = "<group>";
		};
		DEE59DBE170BD0E300CC4D56 /* Supporting Files */ = {
			isa = PBXGroup;
			children = (
				DEE59DBF170BD0E300CC4D56 /* GroupMusic-Info.plist */,
				DEE59DC0170BD0E400CC4D56 /* InfoPlist.strings */,
				DEE59DC3170BD0E400CC4D56 /* main.m */,
				DEE59DC5170BD0E400CC4D56 /* GroupMusic-Prefix.pch */,
				DEE59DC9170BD0E400CC4D56 /* Default.png */,
				DEE59DCB170BD0E400CC4D56 /* Default@2x.png */,
				DEE59DCD170BD0E400CC4D56 /* Default-568h@2x.png */,
			);
			name = "Supporting Files";
			sourceTree = "<group>";
		};
		DEE59DE1170BD0E400CC4D56 /* GroupMusicTests */ = {
			isa = PBXGroup;
			children = (
				DEE59DE7170BD0E400CC4D56 /* GroupMusicTests.h */,
				DEE59DE8170BD0E400CC4D56 /* GroupMusicTests.m */,
				DEE59DE2170BD0E400CC4D56 /* Supporting Files */,
			);
			path = GroupMusicTests;
			sourceTree = "<group>";
		};
		DEE59DE2170BD0E400CC4D56 /* Supporting Files */ = {
			isa = PBXGroup;
			children = (
				DEE59DE3170BD0E400CC4D56 /* GroupMusicTests-Info.plist */,
				DEE59DE4170BD0E400CC4D56 /* InfoPlist.strings */,
			);
			name = "Supporting Files";
			sourceTree = "<group>";
		};
/* End PBXGroup section */

/* Begin PBXNativeTarget section */
		DEE59DB3170BD0E300CC4D56 /* GroupMusic */ = {
			isa = PBXNativeTarget;
			buildConfigurationList = DEE59DEC170BD0E400CC4D56 /* Build configuration list for PBXNativeTarget "GroupMusic" */;
			buildPhases = (
				DEE59DB0170BD0E300CC4D56 /* Sources */,
				DEE59DB1170BD0E300CC4D56 /* Frameworks */,
				DEE59DB2170BD0E300CC4D56 /* Resources */,
			);
			buildRules = (
			);
			dependencies = (
			);
			name = GroupMusic;
			productName = GroupMusic;
			productReference = DEE59DB4170BD0E300CC4D56 /* GroupMusic.app */;
			productType = "com.apple.product-type.application";
		};
		DEE59DD9170BD0E400CC4D56 /* GroupMusicTests */ = {
			isa = PBXNativeTarget;
			buildConfigurationList = DEE59DEF170BD0E400CC4D56 /* Build configuration list for PBXNativeTarget "GroupMusicTests" */;
			buildPhases = (
				DEE59DD5170BD0E400CC4D56 /* Sources */,
				DEE59DD6170BD0E400CC4D56 /* Frameworks */,
				DEE59DD7170BD0E400CC4D56 /* Resources */,
				DEE59DD8170BD0E400CC4D56 /* ShellScript */,
			);
			buildRules = (
			);
			dependencies = (
				DEE59DE0170BD0E400CC4D56 /* PBXTargetDependency */,
			);
			name = GroupMusicTests;
			productName = GroupMusicTests;
			productReference = DEE59DDA170BD0E400CC4D56 /* GroupMusicTests.octest */;
			productType = "com.apple.product-type.bundle";
		};
/* End PBXNativeTarget section */

/* Begin PBXProject section */
		DEE59DAC170BD0E300CC4D56 /* Project object */ = {
			isa = PBXProject;
			attributes = {
				LastUpgradeCheck = 0460;
				ORGANIZATIONNAME = "Parker Allen Tew";
			};
			buildConfigurationList = DEE59DAF170BD0E300CC4D56 /* Build configuration list for PBXProject "GroupMusic" */;
			compatibilityVersion = "Xcode 3.2";
			developmentRegion = English;
			hasScannedForEncodings = 0;
			knownRegions = (
				en,
			);
			mainGroup = DEE59DAB170BD0E300CC4D56;
			productRefGroup = DEE59DB5170BD0E300CC4D56 /* Products */;
			projectDirPath = "";
			projectRoot = "";
			targets = (
				DEE59DB3170BD0E300CC4D56 /* GroupMusic */,
				DEE59DD9170BD0E400CC4D56 /* GroupMusicTests */,
			);
		};
/* End PBXProject section */

/* Begin PBXResourcesBuildPhase section */
		DEE59DB2170BD0E300CC4D56 /* Resources */ = {
			isa = PBXResourcesBuildPhase;
			buildActionMask = 2147483647;
			files = (
				DEE59DC2170BD0E400CC4D56 /* InfoPlist.strings in Resources */,
				DEE59DCA170BD0E400CC4D56 /* Default.png in Resources */,
				DEE59DCC170BD0E400CC4D56 /* Default@2x.png in Resources */,
				DEE59DCE170BD0E400CC4D56 /* Default-568h@2x.png in Resources */,
				DEE59DD1170BD0E400CC4D56 /* MainStoryboard.storyboard in Resources */,
			);
			runOnlyForDeploymentPostprocessing = 0;
		};
		DEE59DD7170BD0E400CC4D56 /* Resources */ = {
			isa = PBXResourcesBuildPhase;
			buildActionMask = 2147483647;
			files = (
				DEE59DE6170BD0E400CC4D56 /* InfoPlist.strings in Resources */,
			);
			runOnlyForDeploymentPostprocessing = 0;
		};
/* End PBXResourcesBuildPhase section */

/* Begin PBXShellScriptBuildPhase section */
		DEE59DD8170BD0E400CC4D56 /* ShellScript */ = {
			isa = PBXShellScriptBuildPhase;
			buildActionMask = 2147483647;
			files = (
			);
			inputPaths = (
			);
			outputPaths = (
			);
			runOnlyForDeploymentPostprocessing = 0;
			shellPath = /bin/sh;
			shellScript = "# Run the unit tests in this test bundle.\n\"${SYSTEM_DEVELOPER_DIR}/Tools/RunUnitTests\"\n";
		};
/* End PBXShellScriptBuildPhase section */

/* Begin PBXSourcesBuildPhase section */
		DEE59DB0170BD0E300CC4D56 /* Sources */ = {
			isa = PBXSourcesBuildPhase;
			buildActionMask = 2147483647;
			files = (
				DEE59DC4170BD0E400CC4D56 /* main.m in Sources */,
				DEE59DC8170BD0E400CC4D56 /* AppDelegate.m in Sources */,
				DEE59DD4170BD0E400CC4D56 /* ViewController.m in Sources */,
				DE381662170BD518006BC182 /* QueueViewController.m in Sources */,
			);
			runOnlyForDeploymentPostprocessing = 0;
		};
		DEE59DD5170BD0E400CC4D56 /* Sources */ = {
			isa = PBXSourcesBuildPhase;
			buildActionMask = 2147483647;
			files = (
				DEE59DE9170BD0E400CC4D56 /* GroupMusicTests.m in Sources */,
			);
			runOnlyForDeploymentPostprocessing = 0;
		};
/* End PBXSourcesBuildPhase section */

/* Begin PBXTargetDependency section */
		DEE59DE0170BD0E400CC4D56 /* PBXTargetDependency */ = {
			isa = PBXTargetDependency;
			target = DEE59DB3170BD0E300CC4D56 /* GroupMusic */;
			targetProxy = DEE59DDF170BD0E400CC4D56 /* PBXContainerItemProxy */;
		};
/* End PBXTargetDependency section */

/* Begin PBXVariantGroup section */
		DEE59DC0170BD0E400CC4D56 /* InfoPlist.strings */ = {
			isa = PBXVariantGroup;
			children = (
				DEE59DC1170BD0E400CC4D56 /* en */,
			);
			name = InfoPlist.strings;
			sourceTree = "<group>";
		};
		DEE59DCF170BD0E400CC4D56 /* MainStoryboard.storyboard */ = {
			isa = PBXVariantGroup;
			children = (
				DEE59DD0170BD0E400CC4D56 /* en */,
			);
			name = MainStoryboard.storyboard;
			sourceTree = "<group>";
		};
		DEE59DE4170BD0E400CC4D56 /* InfoPlist.strings */ = {
			isa = PBXVariantGroup;
			children = (
				DEE59DE5170BD0E400CC4D56 /* en */,
			);
			name = InfoPlist.strings;
			sourceTree = "<group>";
		};
/* End PBXVariantGroup section */

/* Begin XCBuildConfiguration section */
		DEE59DEA170BD0E400CC4D56 /* Debug */ = {
			isa = XCBuildConfiguration;
			buildSettings = {
				ALWAYS_SEARCH_USER_PATHS = NO;
				CLANG_CXX_LANGUAGE_STANDARD = "gnu++0x";
				CLANG_CXX_LIBRARY = "libc++";
				CLANG_ENABLE_OBJC_ARC = YES;
				CLANG_WARN_CONSTANT_CONVERSION = YES;
				CLANG_WARN_EMPTY_BODY = YES;
				CLANG_WARN_ENUM_CONVERSION = YES;
				CLANG_WARN_INT_CONVERSION = YES;
				CLANG_WARN__DUPLICATE_METHOD_MATCH = YES;
				"CODE_SIGN_IDENTITY[sdk=iphoneos*]" = "iPhone Developer";
				COPY_PHASE_STRIP = NO;
				GCC_C_LANGUAGE_STANDARD = gnu99;
				GCC_DYNAMIC_NO_PIC = NO;
				GCC_OPTIMIZATION_LEVEL = 0;
				GCC_PREPROCESSOR_DEFINITIONS = (
					"DEBUG=1",
					"$(inherited)",
				);
				GCC_SYMBOLS_PRIVATE_EXTERN = NO;
				GCC_WARN_ABOUT_RETURN_TYPE = YES;
				GCC_WARN_UNINITIALIZED_AUTOS = YES;
				GCC_WARN_UNUSED_VARIABLE = YES;
				IPHONEOS_DEPLOYMENT_TARGET = 6.1;
				ONLY_ACTIVE_ARCH = YES;
				SDKROOT = iphoneos;
			};
			name = Debug;
		};
		DEE59DEB170BD0E400CC4D56 /* Release */ = {
			isa = XCBuildConfiguration;
			buildSettings = {
				ALWAYS_SEARCH_USER_PATHS = NO;
				CLANG_CXX_LANGUAGE_STANDARD = "gnu++0x";
				CLANG_CXX_LIBRARY = "libc++";
				CLANG_ENABLE_OBJC_ARC = YES;
				CLANG_WARN_CONSTANT_CONVERSION = YES;
				CLANG_WARN_EMPTY_BODY = YES;
				CLANG_WARN_ENUM_CONVERSION = YES;
				CLANG_WARN_INT_CONVERSION = YES;
				CLANG_WARN__DUPLICATE_METHOD_MATCH = YES;
				"CODE_SIGN_IDENTITY[sdk=iphoneos*]" = "iPhone Developer";
				COPY_PHASE_STRIP = YES;
				GCC_C_LANGUAGE_STANDARD = gnu99;
				GCC_WARN_ABOUT_RETURN_TYPE = YES;
				GCC_WARN_UNINITIALIZED_AUTOS = YES;
				GCC_WARN_UNUSED_VARIABLE = YES;
				IPHONEOS_DEPLOYMENT_TARGET = 6.1;
				OTHER_CFLAGS = "-DNS_BLOCK_ASSERTIONS=1";
				SDKROOT = iphoneos;
				VALIDATE_PRODUCT = YES;
			};
			name = Release;
		};
		DEE59DED170BD0E400CC4D56 /* Debug */ = {
			isa = XCBuildConfiguration;
			buildSettings = {
				GCC_PRECOMPILE_PREFIX_HEADER = YES;
				GCC_PREFIX_HEADER = "GroupMusic/GroupMusic-Prefix.pch";
				INFOPLIST_FILE = "GroupMusic/GroupMusic-Info.plist";
				PRODUCT_NAME = "$(TARGET_NAME)";
				WRAPPER_EXTENSION = app;
			};
			name = Debug;
		};
		DEE59DEE170BD0E400CC4D56 /* Release */ = {
			isa = XCBuildConfiguration;
			buildSettings = {
				GCC_PRECOMPILE_PREFIX_HEADER = YES;
				GCC_PREFIX_HEADER = "GroupMusic/GroupMusic-Prefix.pch";
				INFOPLIST_FILE = "GroupMusic/GroupMusic-Info.plist";
				PRODUCT_NAME = "$(TARGET_NAME)";
				WRAPPER_EXTENSION = app;
			};
			name = Release;
		};
		DEE59DF0170BD0E400CC4D56 /* Debug */ = {
			isa = XCBuildConfiguration;
			buildSettings = {
				BUNDLE_LOADER = "$(BUILT_PRODUCTS_DIR)/GroupMusic.app/GroupMusic";
				FRAMEWORK_SEARCH_PATHS = (
					"\"$(SDKROOT)/Developer/Library/Frameworks\"",
					"\"$(DEVELOPER_LIBRARY_DIR)/Frameworks\"",
				);
				GCC_PRECOMPILE_PREFIX_HEADER = YES;
				GCC_PREFIX_HEADER = "GroupMusic/GroupMusic-Prefix.pch";
				INFOPLIST_FILE = "GroupMusicTests/GroupMusicTests-Info.plist";
				PRODUCT_NAME = "$(TARGET_NAME)";
				TEST_HOST = "$(BUNDLE_LOADER)";
				WRAPPER_EXTENSION = octest;
			};
			name = Debug;
		};
		DEE59DF1170BD0E400CC4D56 /* Release */ = {
			isa = XCBuildConfiguration;
			buildSettings = {
				BUNDLE_LOADER = "$(BUILT_PRODUCTS_DIR)/GroupMusic.app/GroupMusic";
				FRAMEWORK_SEARCH_PATHS = (
					"\"$(SDKROOT)/Developer/Library/Frameworks\"",
					"\"$(DEVELOPER_LIBRARY_DIR)/Frameworks\"",
				);
				GCC_PRECOMPILE_PREFIX_HEADER = YES;
				GCC_PREFIX_HEADER = "GroupMusic/GroupMusic-Prefix.pch";
				INFOPLIST_FILE = "GroupMusicTests/GroupMusicTests-Info.plist";
				PRODUCT_NAME = "$(TARGET_NAME)";
				TEST_HOST = "$(BUNDLE_LOADER)";
				WRAPPER_EXTENSION = octest;
			};
			name = Release;
		};
/* End XCBuildConfiguration section */

/* Begin XCConfigurationList section */
		DEE59DAF170BD0E300CC4D56 /* Build configuration list for PBXProject "GroupMusic" */ = {
			isa = XCConfigurationList;
			buildConfigurations = (
				DEE59DEA170BD0E400CC4D56 /* Debug */,
				DEE59DEB170BD0E400CC4D56 /* Release */,
			);
			defaultConfigurationIsVisible = 0;
			defaultConfigurationName = Release;
		};
		DEE59DEC170BD0E400CC4D56 /* Build configuration list for PBXNativeTarget "GroupMusic" */ = {
			isa = XCConfigurationList;
			buildConfigurations = (
				DEE59DED170BD0E400CC4D56 /* Debug */,
				DEE59DEE170BD0E400CC4D56 /* Release */,
			);
			defaultConfigurationIsVisible = 0;
			defaultConfigurationName = Release;
		};
		DEE59DEF170BD0E400CC4D56 /* Build configuration list for PBXNativeTarget "GroupMusicTests" */ = {
			isa = XCConfigurationList;
			buildConfigurations = (
				DEE59DF0170BD0E400CC4D56 /* Debug */,
				DEE59DF1170BD0E400CC4D56 /* Release */,
			);
			defaultConfigurationIsVisible = 0;
			defaultConfigurationName = Release;
		};
/* End XCConfigurationList section */
	};
	rootObject = DEE59DAC170BD0E300CC4D56 /* Project object */;
}
